// !$*UTF8*$!
{
	archiveVersion = 1;
	classes = {
	};
	objectVersion = 55;
	objects = {

/* Begin PBXBuildFile section */
		6F3B877027968AEB00A4BD07 /* Assets+Generated.swift in Sources */ = {isa = PBXBuildFile; fileRef = 6F3B86E327968AEB00A4BD07 /* Assets+Generated.swift */; };
		6F3B877127968AEB00A4BD07 /* Xib.swift in Sources */ = {isa = PBXBuildFile; fileRef = 6F3B86E427968AEB00A4BD07 /* Xib.swift */; };
		6F3B877227968AEB00A4BD07 /* UserDefaultsKey.swift in Sources */ = {isa = PBXBuildFile; fileRef = 6F3B86E527968AEB00A4BD07 /* UserDefaultsKey.swift */; };
		6F3B877327968AEB00A4BD07 /* Header.swift in Sources */ = {isa = PBXBuildFile; fileRef = 6F3B86E627968AEB00A4BD07 /* Header.swift */; };
		6F3B877427968AEB00A4BD07 /* Notification.swift in Sources */ = {isa = PBXBuildFile; fileRef = 6F3B86E727968AEB00A4BD07 /* Notification.swift */; };
		6F3B877527968AEB00A4BD07 /* URL.swift in Sources */ = {isa = PBXBuildFile; fileRef = 6F3B86E827968AEB00A4BD07 /* URL.swift */; };
		6F3B877627968AEB00A4BD07 /* Const.swift in Sources */ = {isa = PBXBuildFile; fileRef = 6F3B86E927968AEB00A4BD07 /* Const.swift */; };
		6F3B877727968AEB00A4BD07 /* UIImageView+Extension.swift in Sources */ = {isa = PBXBuildFile; fileRef = 6F3B86EB27968AEB00A4BD07 /* UIImageView+Extension.swift */; };
		6F3B877827968AEB00A4BD07 /* UIFont+Extension.swift in Sources */ = {isa = PBXBuildFile; fileRef = 6F3B86EC27968AEB00A4BD07 /* UIFont+Extension.swift */; };
		6F3B877927968AEB00A4BD07 /* UIColor+Extension.swift in Sources */ = {isa = PBXBuildFile; fileRef = 6F3B86ED27968AEB00A4BD07 /* UIColor+Extension.swift */; };
		6F3B877A27968AEB00A4BD07 /* UILabel+Extension.swift in Sources */ = {isa = PBXBuildFile; fileRef = 6F3B86EE27968AEB00A4BD07 /* UILabel+Extension.swift */; };
		6F3B877B27968AEB00A4BD07 /* UIButton+Extension.swift in Sources */ = {isa = PBXBuildFile; fileRef = 6F3B86EF27968AEB00A4BD07 /* UIButton+Extension.swift */; };
		6F3B877C27968AEB00A4BD07 /* UIView+Extension.swift in Sources */ = {isa = PBXBuildFile; fileRef = 6F3B86F027968AEB00A4BD07 /* UIView+Extension.swift */; };
		6F3B877D27968AEB00A4BD07 /* NotoSansKR-Bold.otf in Resources */ = {isa = PBXBuildFile; fileRef = 6F3B86F227968AEB00A4BD07 /* NotoSansKR-Bold.otf */; };
		6F3B877E27968AEB00A4BD07 /* NotoSansKR-Medium.otf in Resources */ = {isa = PBXBuildFile; fileRef = 6F3B86F327968AEB00A4BD07 /* NotoSansKR-Medium.otf */; };
		6F3B877F27968AEB00A4BD07 /* FuturaStdBook.otf in Resources */ = {isa = PBXBuildFile; fileRef = 6F3B86F427968AEB00A4BD07 /* FuturaStdBook.otf */; };
		6F3B878027968AEB00A4BD07 /* FuturaStdBold.otf in Resources */ = {isa = PBXBuildFile; fileRef = 6F3B86F527968AEB00A4BD07 /* FuturaStdBold.otf */; };
		6F3B878127968AEB00A4BD07 /* NotoSansKR-Regular.otf in Resources */ = {isa = PBXBuildFile; fileRef = 6F3B86F627968AEB00A4BD07 /* NotoSansKR-Regular.otf */; };
		6F3B878227968AEB00A4BD07 /* Colors.xcassets in Resources */ = {isa = PBXBuildFile; fileRef = 6F3B86F827968AEB00A4BD07 /* Colors.xcassets */; };
		6F3B878327968AEB00A4BD07 /* Assets.xcassets in Resources */ = {isa = PBXBuildFile; fileRef = 6F3B86F927968AEB00A4BD07 /* Assets.xcassets */; };
		6F3B878427968AEB00A4BD07 /* LaunchScreen.storyboard in Resources */ = {isa = PBXBuildFile; fileRef = 6F3B86FA27968AEB00A4BD07 /* LaunchScreen.storyboard */; };
		6F3B878527968AEB00A4BD07 /* TempClass.swift in Sources */ = {isa = PBXBuildFile; fileRef = 6F3B86FE27968AEB00A4BD07 /* TempClass.swift */; };
		6F3B878627968AEB00A4BD07 /* PhotosResponse.swift in Sources */ = {isa = PBXBuildFile; fileRef = 6F3B870027968AEB00A4BD07 /* PhotosResponse.swift */; };
		6F3B878727968AEB00A4BD07 /* MapLocation.swift in Sources */ = {isa = PBXBuildFile; fileRef = 6F3B870227968AEB00A4BD07 /* MapLocation.swift */; };
		6F3B878827968AEB00A4BD07 /* NetworkResult.swift in Sources */ = {isa = PBXBuildFile; fileRef = 6F3B870327968AEB00A4BD07 /* NetworkResult.swift */; };
		6F3B878927968AEB00A4BD07 /* GenericResponse.swift in Sources */ = {isa = PBXBuildFile; fileRef = 6F3B870427968AEB00A4BD07 /* GenericResponse.swift */; };
		6F3B878A27968AEB00A4BD07 /* HomeService.swift in Sources */ = {isa = PBXBuildFile; fileRef = 6F3B870727968AEB00A4BD07 /* HomeService.swift */; };
		6F3B878B27968AEB00A4BD07 /* HomeAPI.swift in Sources */ = {isa = PBXBuildFile; fileRef = 6F3B870827968AEB00A4BD07 /* HomeAPI.swift */; };
		6F3B878C27968AEB00A4BD07 /* MoyaLoggerPlugin.swift in Sources */ = {isa = PBXBuildFile; fileRef = 6F3B870A27968AEB00A4BD07 /* MoyaLoggerPlugin.swift */; };
		6F3B878D27968AEB00A4BD07 /* UserAPI.swift in Sources */ = {isa = PBXBuildFile; fileRef = 6F3B870C27968AEB00A4BD07 /* UserAPI.swift */; };
		6F3B878E27968AEB00A4BD07 /* UserService.swift in Sources */ = {isa = PBXBuildFile; fileRef = 6F3B870D27968AEB00A4BD07 /* UserService.swift */; };
		6F3B878F27968AEB00A4BD07 /* MyPageService.swift in Sources */ = {isa = PBXBuildFile; fileRef = 6F3B870F27968AEB00A4BD07 /* MyPageService.swift */; };
		6F3B879027968AEB00A4BD07 /* MyPageAPI.swift in Sources */ = {isa = PBXBuildFile; fileRef = 6F3B871027968AEB00A4BD07 /* MyPageAPI.swift */; };
		6F3B879127968AEB00A4BD07 /* AddPhotoAPI.swift in Sources */ = {isa = PBXBuildFile; fileRef = 6F3B871227968AEB00A4BD07 /* AddPhotoAPI.swift */; };
		6F3B879227968AEB00A4BD07 /* AddPhotoService.swift in Sources */ = {isa = PBXBuildFile; fileRef = 6F3B871327968AEB00A4BD07 /* AddPhotoService.swift */; };
		6F3B879327968AEB00A4BD07 /* StudioMapAPI.swift in Sources */ = {isa = PBXBuildFile; fileRef = 6F3B871527968AEB00A4BD07 /* StudioMapAPI.swift */; };
		6F3B879427968AEB00A4BD07 /* StudioMapService.swift in Sources */ = {isa = PBXBuildFile; fileRef = 6F3B871627968AEB00A4BD07 /* StudioMapService.swift */; };
		6F3B879527968AEB00A4BD07 /* HowTo.swift in Sources */ = {isa = PBXBuildFile; fileRef = 6F3B871727968AEB00A4BD07 /* HowTo.swift */; };
		6F3B879627968AEB00A4BD07 /* FilmRollService.swift in Sources */ = {isa = PBXBuildFile; fileRef = 6F3B871927968AEB00A4BD07 /* FilmRollService.swift */; };
		6F3B879727968AEB00A4BD07 /* FilmRollAPI.swift in Sources */ = {isa = PBXBuildFile; fileRef = 6F3B871A27968AEB00A4BD07 /* FilmRollAPI.swift */; };
		6F3B879827968AEB00A4BD07 /* StudioMapSearchTableViewCell.xib in Resources */ = {isa = PBXBuildFile; fileRef = 6F3B871D27968AEB00A4BD07 /* StudioMapSearchTableViewCell.xib */; };
		6F3B879927968AEB00A4BD07 /* StudioMapSearchTableViewCell.swift in Sources */ = {isa = PBXBuildFile; fileRef = 6F3B871E27968AEB00A4BD07 /* StudioMapSearchTableViewCell.swift */; };
		6F3B879A27968AEB00A4BD07 /* StudioMapSearchViewController.xib in Resources */ = {isa = PBXBuildFile; fileRef = 6F3B871F27968AEB00A4BD07 /* StudioMapSearchViewController.xib */; };
		6F3B879B27968AEB00A4BD07 /* StudioMapSearchViewController.swift in Sources */ = {isa = PBXBuildFile; fileRef = 6F3B872027968AEB00A4BD07 /* StudioMapSearchViewController.swift */; };
		6F3B879C27968AEB00A4BD07 /* OnboardingFirstViewController.swift in Sources */ = {isa = PBXBuildFile; fileRef = 6F3B872227968AEB00A4BD07 /* OnboardingFirstViewController.swift */; };
		6F3B879D27968AEB00A4BD07 /* OnboardingThirdViewController.swift in Sources */ = {isa = PBXBuildFile; fileRef = 6F3B872327968AEB00A4BD07 /* OnboardingThirdViewController.swift */; };
		6F3B879E27968AEB00A4BD07 /* OnboardingSecondViewController.swift in Sources */ = {isa = PBXBuildFile; fileRef = 6F3B872427968AEB00A4BD07 /* OnboardingSecondViewController.swift */; };
		6F3B879F27968AEB00A4BD07 /* SplashViewController.swift in Sources */ = {isa = PBXBuildFile; fileRef = 6F3B872627968AEB00A4BD07 /* SplashViewController.swift */; };
		6F3B87A027968AEB00A4BD07 /* SplashViewController.xib in Resources */ = {isa = PBXBuildFile; fileRef = 6F3B872727968AEB00A4BD07 /* SplashViewController.xib */; };
		6F3B87A127968AEB00A4BD07 /* MyPagePhotoCollectionViewCell.swift in Sources */ = {isa = PBXBuildFile; fileRef = 6F3B872927968AEB00A4BD07 /* MyPagePhotoCollectionViewCell.swift */; };
		6F3B87A227968AEB00A4BD07 /* MyPageViewController.xib in Resources */ = {isa = PBXBuildFile; fileRef = 6F3B872A27968AEB00A4BD07 /* MyPageViewController.xib */; };
		6F3B87A327968AEB00A4BD07 /* MyPageViewController.swift in Sources */ = {isa = PBXBuildFile; fileRef = 6F3B872B27968AEB00A4BD07 /* MyPageViewController.swift */; };
		6F3B87A427968AEB00A4BD07 /* StudioMapViewController.xib in Resources */ = {isa = PBXBuildFile; fileRef = 6F3B872D27968AEB00A4BD07 /* StudioMapViewController.xib */; };
		6F3B87A527968AEB00A4BD07 /* StudioMapViewController.swift in Sources */ = {isa = PBXBuildFile; fileRef = 6F3B872E27968AEB00A4BD07 /* StudioMapViewController.swift */; };
		6F3B87A827968AEB00A4BD07 /* FirstAddPhotoPopUpViewController.swift in Sources */ = {isa = PBXBuildFile; fileRef = 6F3B873327968AEB00A4BD07 /* FirstAddPhotoPopUpViewController.swift */; };
		6F3B87A927968AEB00A4BD07 /* SecondAddPhotoPopUpViewController.swift in Sources */ = {isa = PBXBuildFile; fileRef = 6F3B873427968AEB00A4BD07 /* SecondAddPhotoPopUpViewController.swift */; };
		6F3B87AA27968AEB00A4BD07 /* AddPhotoViewController.xib in Resources */ = {isa = PBXBuildFile; fileRef = 6F3B873627968AEB00A4BD07 /* AddPhotoViewController.xib */; };
		6F3B87AB27968AEB00A4BD07 /* AddPhotoViewController.swift in Sources */ = {isa = PBXBuildFile; fileRef = 6F3B873727968AEB00A4BD07 /* AddPhotoViewController.swift */; };
		6F3B87AC27968AEB00A4BD07 /* FilmRollClickViewController.swift in Sources */ = {isa = PBXBuildFile; fileRef = 6F3B873927968AEB00A4BD07 /* FilmRollClickViewController.swift */; };
		6F3B87AD27968AEB00A4BD07 /* FilmRollClickViewController.xib in Resources */ = {isa = PBXBuildFile; fileRef = 6F3B873A27968AEB00A4BD07 /* FilmRollClickViewController.xib */; };
		6F3B87AE27968AEB00A4BD07 /* FilmRollViewController.xib in Resources */ = {isa = PBXBuildFile; fileRef = 6F3B873C27968AEB00A4BD07 /* FilmRollViewController.xib */; };
		6F3B87AF27968AEB00A4BD07 /* FilmRollViewController+DataSource.swift in Sources */ = {isa = PBXBuildFile; fileRef = 6F3B873E27968AEB00A4BD07 /* FilmRollViewController+DataSource.swift */; };
		6F3B87B027968AEB00A4BD07 /* FilmRollSection.swift in Sources */ = {isa = PBXBuildFile; fileRef = 6F3B873F27968AEB00A4BD07 /* FilmRollSection.swift */; };
		6F3B87B127968AEB00A4BD07 /* FilmRollViewController+Layout.swift in Sources */ = {isa = PBXBuildFile; fileRef = 6F3B874027968AEB00A4BD07 /* FilmRollViewController+Layout.swift */; };
		6F3B87B227968AEB00A4BD07 /* FilmRollViewController.swift in Sources */ = {isa = PBXBuildFile; fileRef = 6F3B874127968AEB00A4BD07 /* FilmRollViewController.swift */; };
		6F3B87B327968AEB00A4BD07 /* FilmTypeCollectionViewCell.swift in Sources */ = {isa = PBXBuildFile; fileRef = 6F3B874427968AEB00A4BD07 /* FilmTypeCollectionViewCell.swift */; };
		6F3B87B427968AEB00A4BD07 /* FilmTypeCollectionViewCell.xib in Resources */ = {isa = PBXBuildFile; fileRef = 6F3B874527968AEB00A4BD07 /* FilmTypeCollectionViewCell.xib */; };
		6F3B87B527968AEB00A4BD07 /* FilmCurationCollectionViewCell.xib in Resources */ = {isa = PBXBuildFile; fileRef = 6F3B874727968AEB00A4BD07 /* FilmCurationCollectionViewCell.xib */; };
		6F3B87B627968AEB00A4BD07 /* FilmCurationCollectionViewCell.swift in Sources */ = {isa = PBXBuildFile; fileRef = 6F3B874827968AEB00A4BD07 /* FilmCurationCollectionViewCell.swift */; };
		6F3B87B727968AEB00A4BD07 /* FilmCurationFirstCollectionViewCell.xib in Resources */ = {isa = PBXBuildFile; fileRef = 6F3B874A27968AEB00A4BD07 /* FilmCurationFirstCollectionViewCell.xib */; };
		6F3B87B827968AEB00A4BD07 /* FilmCurationFirstCollectionViewCell.swift in Sources */ = {isa = PBXBuildFile; fileRef = 6F3B874B27968AEB00A4BD07 /* FilmCurationFirstCollectionViewCell.swift */; };
		6F3B87B927968AEB00A4BD07 /* FilmCurationCollectionReusableView.xib in Resources */ = {isa = PBXBuildFile; fileRef = 6F3B874D27968AEB00A4BD07 /* FilmCurationCollectionReusableView.xib */; };
		6F3B87BA27968AEB00A4BD07 /* FilmCurationCollectionReusableView.swift in Sources */ = {isa = PBXBuildFile; fileRef = 6F3B874E27968AEB00A4BD07 /* FilmCurationCollectionReusableView.swift */; };
		6F3B87BB27968AEB00A4BD07 /* StudioMapBottomSheetViewController.xib in Resources */ = {isa = PBXBuildFile; fileRef = 6F3B875027968AEB00A4BD07 /* StudioMapBottomSheetViewController.xib */; };
		6F3B87BC27968AEB00A4BD07 /* StudioMapBottomSheetViewController.swift in Sources */ = {isa = PBXBuildFile; fileRef = 6F3B875127968AEB00A4BD07 /* StudioMapBottomSheetViewController.swift */; };
		6F3B87BD27968AEB00A4BD07 /* HomeViewController.xib in Resources */ = {isa = PBXBuildFile; fileRef = 6F3B875327968AEB00A4BD07 /* HomeViewController.xib */; };
		6F3B87BE27968AEB00A4BD07 /* HomeViewController.swift in Sources */ = {isa = PBXBuildFile; fileRef = 6F3B875427968AEB00A4BD07 /* HomeViewController.swift */; };
		6F3B87BF27968AEB00A4BD07 /* TabBarTableViewCell.xib in Resources */ = {isa = PBXBuildFile; fileRef = 6F3B875727968AEB00A4BD07 /* TabBarTableViewCell.xib */; };
		6F3B87C027968AEB00A4BD07 /* TabBarTableViewCell.swift in Sources */ = {isa = PBXBuildFile; fileRef = 6F3B875827968AEB00A4BD07 /* TabBarTableViewCell.swift */; };
		6F3B87C127968AEB00A4BD07 /* PhotosCollectionViewCell.xib in Resources */ = {isa = PBXBuildFile; fileRef = 6F3B875A27968AEB00A4BD07 /* PhotosCollectionViewCell.xib */; };
		6F3B87C227968AEB00A4BD07 /* PhotosCollectionViewCell.swift in Sources */ = {isa = PBXBuildFile; fileRef = 6F3B875B27968AEB00A4BD07 /* PhotosCollectionViewCell.swift */; };
		6F3B87C327968AEB00A4BD07 /* PhotosTableViewCell.swift in Sources */ = {isa = PBXBuildFile; fileRef = 6F3B875C27968AEB00A4BD07 /* PhotosTableViewCell.swift */; };
		6F3B87C427968AEB00A4BD07 /* ArrowCollectionViewCell.xib in Resources */ = {isa = PBXBuildFile; fileRef = 6F3B875D27968AEB00A4BD07 /* ArrowCollectionViewCell.xib */; };
		6F3B87C527968AEB00A4BD07 /* ArrowCollectionViewCell.swift in Sources */ = {isa = PBXBuildFile; fileRef = 6F3B875E27968AEB00A4BD07 /* ArrowCollectionViewCell.swift */; };
		6F3B87C627968AEB00A4BD07 /* PhotosTableViewCell.xib in Resources */ = {isa = PBXBuildFile; fileRef = 6F3B875F27968AEB00A4BD07 /* PhotosTableViewCell.xib */; };
		6F3B87C727968AEB00A4BD07 /* MapTableViewCell.xib in Resources */ = {isa = PBXBuildFile; fileRef = 6F3B876127968AEB00A4BD07 /* MapTableViewCell.xib */; };
		6F3B87C827968AEB00A4BD07 /* MapTableViewCell.swift in Sources */ = {isa = PBXBuildFile; fileRef = 6F3B876227968AEB00A4BD07 /* MapTableViewCell.swift */; };
		6F3B87C927968AEB00A4BD07 /* WelcomeTableViewCell.swift in Sources */ = {isa = PBXBuildFile; fileRef = 6F3B876427968AEB00A4BD07 /* WelcomeTableViewCell.swift */; };
		6F3B87CA27968AEB00A4BD07 /* WelcomeTableViewCell.xib in Resources */ = {isa = PBXBuildFile; fileRef = 6F3B876527968AEB00A4BD07 /* WelcomeTableViewCell.xib */; };
		6F3B87CB27968AEB00A4BD07 /* LoginViewController.swift in Sources */ = {isa = PBXBuildFile; fileRef = 6F3B876727968AEB00A4BD07 /* LoginViewController.swift */; };
		6F3B87CC27968AEB00A4BD07 /* AppDelegate.swift in Sources */ = {isa = PBXBuildFile; fileRef = 6F3B876827968AEB00A4BD07 /* AppDelegate.swift */; };
		6F3B87CD27968AEB00A4BD07 /* FillinNavigationBar.swift in Sources */ = {isa = PBXBuildFile; fileRef = 6F3B876A27968AEB00A4BD07 /* FillinNavigationBar.swift */; };
		6F3B87CE27968AEB00A4BD07 /* identifiable.swift in Sources */ = {isa = PBXBuildFile; fileRef = 6F3B876C27968AEB00A4BD07 /* identifiable.swift */; };
		6F3B87CF27968AEB00A4BD07 /* SceneDelegate.swift in Sources */ = {isa = PBXBuildFile; fileRef = 6F3B876D27968AEB00A4BD07 /* SceneDelegate.swift */; };
		6F3B87DF27968D3000A4BD07 /* StudioMapCollectionViewCell.xib in Resources */ = {isa = PBXBuildFile; fileRef = 6F3B87DB27968D3000A4BD07 /* StudioMapCollectionViewCell.xib */; };
		6F3B87E027968D3000A4BD07 /* StudioMapContentViewController.swift in Sources */ = {isa = PBXBuildFile; fileRef = 6F3B87DC27968D3000A4BD07 /* StudioMapContentViewController.swift */; };
		6F3B87E127968D3000A4BD07 /* StudioMapCollectionViewCell.swift in Sources */ = {isa = PBXBuildFile; fileRef = 6F3B87DD27968D3000A4BD07 /* StudioMapCollectionViewCell.swift */; };
		6F3B87E227968D3000A4BD07 /* StudioMapContentViewController.xib in Resources */ = {isa = PBXBuildFile; fileRef = 6F3B87DE27968D3000A4BD07 /* StudioMapContentViewController.xib */; };
		6F541EB6279859300016BA1A /* StudioPhotoResponse.swift in Sources */ = {isa = PBXBuildFile; fileRef = 6F541EB5279859300016BA1A /* StudioPhotoResponse.swift */; };
		6F8B71F92796F33A00F88EB3 /* StudioResponse.swift in Sources */ = {isa = PBXBuildFile; fileRef = 6F8B71F82796F33A00F88EB3 /* StudioResponse.swift */; };
		6F8B72012797291300F88EB3 /* StudioInfoResponse.swift in Sources */ = {isa = PBXBuildFile; fileRef = 6F8B72002797291300F88EB3 /* StudioInfoResponse.swift */; };
		775C965E278ACDE200A9BEA0 /* .swiftlint.yml in Resources */ = {isa = PBXBuildFile; fileRef = 775C965D278ACDE200A9BEA0 /* .swiftlint.yml */; };
		775C96AA278B2E1100A9BEA0 /* swiftgen.yml in Resources */ = {isa = PBXBuildFile; fileRef = 775C96A9278B2E1100A9BEA0 /* swiftgen.yml */; };
		77EB4215279736F700C726D8 /* FilmSelectViewController.swift in Sources */ = {isa = PBXBuildFile; fileRef = 77EB4213279736F700C726D8 /* FilmSelectViewController.swift */; };
		77EB4216279736F700C726D8 /* FilmSelectViewController.xib in Resources */ = {isa = PBXBuildFile; fileRef = 77EB4214279736F700C726D8 /* FilmSelectViewController.xib */; };
		77EB421A27973C1500C726D8 /* FilmTypeTableViewCell.swift in Sources */ = {isa = PBXBuildFile; fileRef = 77EB421827973C1500C726D8 /* FilmTypeTableViewCell.swift */; };
		77EB421B27973C1500C726D8 /* FilmTypeTableViewCell.xib in Resources */ = {isa = PBXBuildFile; fileRef = 77EB421927973C1500C726D8 /* FilmTypeTableViewCell.xib */; };
		77EB421E27974B0900C726D8 /* CurationResponse.swift in Sources */ = {isa = PBXBuildFile; fileRef = 77EB421D27974B0900C726D8 /* CurationResponse.swift */; };
		77EB42212797D17600C726D8 /* FlimSelectAPI.swift in Sources */ = {isa = PBXBuildFile; fileRef = 77EB42202797D17600C726D8 /* FlimSelectAPI.swift */; };
		77EB42232797D1CE00C726D8 /* FilmSelectService.swift in Sources */ = {isa = PBXBuildFile; fileRef = 77EB42222797D1CE00C726D8 /* FilmSelectService.swift */; };
		77EB42262797DAFD00C726D8 /* FilmResponse.swift in Sources */ = {isa = PBXBuildFile; fileRef = 77EB42252797DAFD00C726D8 /* FilmResponse.swift */; };
		9ADF3537C1D51ED22F4C921B /* Pods_Fillin_iOS.framework in Frameworks */ = {isa = PBXBuildFile; fileRef = F33300C623DFF466AFCE2914 /* Pods_Fillin_iOS.framework */; };
		E86731CB279728EE00FCD0EE /* UIViewController+Extension.swift in Sources */ = {isa = PBXBuildFile; fileRef = E86731CA279728EE00FCD0EE /* UIViewController+Extension.swift */; };
/* End PBXBuildFile section */

/* Begin PBXFileReference section */
		18FC9C8D02E669D0F43E8733 /* Pods-Fillin-iOS.release.xcconfig */ = {isa = PBXFileReference; includeInIndex = 1; lastKnownFileType = text.xcconfig; name = "Pods-Fillin-iOS.release.xcconfig"; path = "Target Support Files/Pods-Fillin-iOS/Pods-Fillin-iOS.release.xcconfig"; sourceTree = "<group>"; };
		6F3B86E327968AEB00A4BD07 /* Assets+Generated.swift */ = {isa = PBXFileReference; fileEncoding = 4; lastKnownFileType = sourcecode.swift; path = "Assets+Generated.swift"; sourceTree = "<group>"; };
		6F3B86E427968AEB00A4BD07 /* Xib.swift */ = {isa = PBXFileReference; fileEncoding = 4; lastKnownFileType = sourcecode.swift; path = Xib.swift; sourceTree = "<group>"; };
		6F3B86E527968AEB00A4BD07 /* UserDefaultsKey.swift */ = {isa = PBXFileReference; fileEncoding = 4; lastKnownFileType = sourcecode.swift; path = UserDefaultsKey.swift; sourceTree = "<group>"; };
		6F3B86E627968AEB00A4BD07 /* Header.swift */ = {isa = PBXFileReference; fileEncoding = 4; lastKnownFileType = sourcecode.swift; path = Header.swift; sourceTree = "<group>"; };
		6F3B86E727968AEB00A4BD07 /* Notification.swift */ = {isa = PBXFileReference; fileEncoding = 4; lastKnownFileType = sourcecode.swift; path = Notification.swift; sourceTree = "<group>"; };
		6F3B86E827968AEB00A4BD07 /* URL.swift */ = {isa = PBXFileReference; fileEncoding = 4; lastKnownFileType = sourcecode.swift; path = URL.swift; sourceTree = "<group>"; };
		6F3B86E927968AEB00A4BD07 /* Const.swift */ = {isa = PBXFileReference; fileEncoding = 4; lastKnownFileType = sourcecode.swift; path = Const.swift; sourceTree = "<group>"; };
		6F3B86EB27968AEB00A4BD07 /* UIImageView+Extension.swift */ = {isa = PBXFileReference; fileEncoding = 4; lastKnownFileType = sourcecode.swift; path = "UIImageView+Extension.swift"; sourceTree = "<group>"; };
		6F3B86EC27968AEB00A4BD07 /* UIFont+Extension.swift */ = {isa = PBXFileReference; fileEncoding = 4; lastKnownFileType = sourcecode.swift; path = "UIFont+Extension.swift"; sourceTree = "<group>"; };
		6F3B86ED27968AEB00A4BD07 /* UIColor+Extension.swift */ = {isa = PBXFileReference; fileEncoding = 4; lastKnownFileType = sourcecode.swift; path = "UIColor+Extension.swift"; sourceTree = "<group>"; };
		6F3B86EE27968AEB00A4BD07 /* UILabel+Extension.swift */ = {isa = PBXFileReference; fileEncoding = 4; lastKnownFileType = sourcecode.swift; path = "UILabel+Extension.swift"; sourceTree = "<group>"; };
		6F3B86EF27968AEB00A4BD07 /* UIButton+Extension.swift */ = {isa = PBXFileReference; fileEncoding = 4; lastKnownFileType = sourcecode.swift; path = "UIButton+Extension.swift"; sourceTree = "<group>"; };
		6F3B86F027968AEB00A4BD07 /* UIView+Extension.swift */ = {isa = PBXFileReference; fileEncoding = 4; lastKnownFileType = sourcecode.swift; path = "UIView+Extension.swift"; sourceTree = "<group>"; };
		6F3B86F227968AEB00A4BD07 /* NotoSansKR-Bold.otf */ = {isa = PBXFileReference; lastKnownFileType = file; path = "NotoSansKR-Bold.otf"; sourceTree = "<group>"; };
		6F3B86F327968AEB00A4BD07 /* NotoSansKR-Medium.otf */ = {isa = PBXFileReference; lastKnownFileType = file; path = "NotoSansKR-Medium.otf"; sourceTree = "<group>"; };
		6F3B86F427968AEB00A4BD07 /* FuturaStdBook.otf */ = {isa = PBXFileReference; lastKnownFileType = file; path = FuturaStdBook.otf; sourceTree = "<group>"; };
		6F3B86F527968AEB00A4BD07 /* FuturaStdBold.otf */ = {isa = PBXFileReference; lastKnownFileType = file; path = FuturaStdBold.otf; sourceTree = "<group>"; };
		6F3B86F627968AEB00A4BD07 /* NotoSansKR-Regular.otf */ = {isa = PBXFileReference; lastKnownFileType = file; path = "NotoSansKR-Regular.otf"; sourceTree = "<group>"; };
		6F3B86F827968AEB00A4BD07 /* Colors.xcassets */ = {isa = PBXFileReference; lastKnownFileType = folder.assetcatalog; path = Colors.xcassets; sourceTree = "<group>"; };
		6F3B86F927968AEB00A4BD07 /* Assets.xcassets */ = {isa = PBXFileReference; lastKnownFileType = folder.assetcatalog; path = Assets.xcassets; sourceTree = "<group>"; };
		6F3B86FB27968AEB00A4BD07 /* Base */ = {isa = PBXFileReference; lastKnownFileType = file.storyboard; name = Base; path = Base.lproj/LaunchScreen.storyboard; sourceTree = "<group>"; };
		6F3B86FE27968AEB00A4BD07 /* TempClass.swift */ = {isa = PBXFileReference; fileEncoding = 4; lastKnownFileType = sourcecode.swift; path = TempClass.swift; sourceTree = "<group>"; };
		6F3B870027968AEB00A4BD07 /* PhotosResponse.swift */ = {isa = PBXFileReference; fileEncoding = 4; lastKnownFileType = sourcecode.swift; path = PhotosResponse.swift; sourceTree = "<group>"; };
		6F3B870227968AEB00A4BD07 /* MapLocation.swift */ = {isa = PBXFileReference; fileEncoding = 4; lastKnownFileType = sourcecode.swift; path = MapLocation.swift; sourceTree = "<group>"; };
		6F3B870327968AEB00A4BD07 /* NetworkResult.swift */ = {isa = PBXFileReference; fileEncoding = 4; lastKnownFileType = sourcecode.swift; path = NetworkResult.swift; sourceTree = "<group>"; };
		6F3B870427968AEB00A4BD07 /* GenericResponse.swift */ = {isa = PBXFileReference; fileEncoding = 4; lastKnownFileType = sourcecode.swift; path = GenericResponse.swift; sourceTree = "<group>"; };
		6F3B870727968AEB00A4BD07 /* HomeService.swift */ = {isa = PBXFileReference; fileEncoding = 4; lastKnownFileType = sourcecode.swift; path = HomeService.swift; sourceTree = "<group>"; };
		6F3B870827968AEB00A4BD07 /* HomeAPI.swift */ = {isa = PBXFileReference; fileEncoding = 4; lastKnownFileType = sourcecode.swift; path = HomeAPI.swift; sourceTree = "<group>"; };
		6F3B870A27968AEB00A4BD07 /* MoyaLoggerPlugin.swift */ = {isa = PBXFileReference; fileEncoding = 4; lastKnownFileType = sourcecode.swift; path = MoyaLoggerPlugin.swift; sourceTree = "<group>"; };
		6F3B870C27968AEB00A4BD07 /* UserAPI.swift */ = {isa = PBXFileReference; fileEncoding = 4; lastKnownFileType = sourcecode.swift; path = UserAPI.swift; sourceTree = "<group>"; };
		6F3B870D27968AEB00A4BD07 /* UserService.swift */ = {isa = PBXFileReference; fileEncoding = 4; lastKnownFileType = sourcecode.swift; path = UserService.swift; sourceTree = "<group>"; };
		6F3B870F27968AEB00A4BD07 /* MyPageService.swift */ = {isa = PBXFileReference; fileEncoding = 4; lastKnownFileType = sourcecode.swift; path = MyPageService.swift; sourceTree = "<group>"; };
		6F3B871027968AEB00A4BD07 /* MyPageAPI.swift */ = {isa = PBXFileReference; fileEncoding = 4; lastKnownFileType = sourcecode.swift; path = MyPageAPI.swift; sourceTree = "<group>"; };
		6F3B871227968AEB00A4BD07 /* AddPhotoAPI.swift */ = {isa = PBXFileReference; fileEncoding = 4; lastKnownFileType = sourcecode.swift; path = AddPhotoAPI.swift; sourceTree = "<group>"; };
		6F3B871327968AEB00A4BD07 /* AddPhotoService.swift */ = {isa = PBXFileReference; fileEncoding = 4; lastKnownFileType = sourcecode.swift; path = AddPhotoService.swift; sourceTree = "<group>"; };
		6F3B871527968AEB00A4BD07 /* StudioMapAPI.swift */ = {isa = PBXFileReference; fileEncoding = 4; lastKnownFileType = sourcecode.swift; path = StudioMapAPI.swift; sourceTree = "<group>"; };
		6F3B871627968AEB00A4BD07 /* StudioMapService.swift */ = {isa = PBXFileReference; fileEncoding = 4; lastKnownFileType = sourcecode.swift; path = StudioMapService.swift; sourceTree = "<group>"; };
		6F3B871727968AEB00A4BD07 /* HowTo.swift */ = {isa = PBXFileReference; fileEncoding = 4; lastKnownFileType = sourcecode.swift; path = HowTo.swift; sourceTree = "<group>"; };
		6F3B871927968AEB00A4BD07 /* FilmRollService.swift */ = {isa = PBXFileReference; fileEncoding = 4; lastKnownFileType = sourcecode.swift; path = FilmRollService.swift; sourceTree = "<group>"; };
		6F3B871A27968AEB00A4BD07 /* FilmRollAPI.swift */ = {isa = PBXFileReference; fileEncoding = 4; lastKnownFileType = sourcecode.swift; path = FilmRollAPI.swift; sourceTree = "<group>"; };
		6F3B871D27968AEB00A4BD07 /* StudioMapSearchTableViewCell.xib */ = {isa = PBXFileReference; fileEncoding = 4; lastKnownFileType = file.xib; path = StudioMapSearchTableViewCell.xib; sourceTree = "<group>"; };
		6F3B871E27968AEB00A4BD07 /* StudioMapSearchTableViewCell.swift */ = {isa = PBXFileReference; fileEncoding = 4; lastKnownFileType = sourcecode.swift; path = StudioMapSearchTableViewCell.swift; sourceTree = "<group>"; };
		6F3B871F27968AEB00A4BD07 /* StudioMapSearchViewController.xib */ = {isa = PBXFileReference; fileEncoding = 4; lastKnownFileType = file.xib; path = StudioMapSearchViewController.xib; sourceTree = "<group>"; };
		6F3B872027968AEB00A4BD07 /* StudioMapSearchViewController.swift */ = {isa = PBXFileReference; fileEncoding = 4; lastKnownFileType = sourcecode.swift; path = StudioMapSearchViewController.swift; sourceTree = "<group>"; };
		6F3B872227968AEB00A4BD07 /* OnboardingFirstViewController.swift */ = {isa = PBXFileReference; fileEncoding = 4; lastKnownFileType = sourcecode.swift; path = OnboardingFirstViewController.swift; sourceTree = "<group>"; };
		6F3B872327968AEB00A4BD07 /* OnboardingThirdViewController.swift */ = {isa = PBXFileReference; fileEncoding = 4; lastKnownFileType = sourcecode.swift; path = OnboardingThirdViewController.swift; sourceTree = "<group>"; };
		6F3B872427968AEB00A4BD07 /* OnboardingSecondViewController.swift */ = {isa = PBXFileReference; fileEncoding = 4; lastKnownFileType = sourcecode.swift; path = OnboardingSecondViewController.swift; sourceTree = "<group>"; };
		6F3B872627968AEB00A4BD07 /* SplashViewController.swift */ = {isa = PBXFileReference; fileEncoding = 4; lastKnownFileType = sourcecode.swift; path = SplashViewController.swift; sourceTree = "<group>"; };
		6F3B872727968AEB00A4BD07 /* SplashViewController.xib */ = {isa = PBXFileReference; fileEncoding = 4; lastKnownFileType = file.xib; path = SplashViewController.xib; sourceTree = "<group>"; };
		6F3B872927968AEB00A4BD07 /* MyPagePhotoCollectionViewCell.swift */ = {isa = PBXFileReference; fileEncoding = 4; lastKnownFileType = sourcecode.swift; path = MyPagePhotoCollectionViewCell.swift; sourceTree = "<group>"; };
		6F3B872A27968AEB00A4BD07 /* MyPageViewController.xib */ = {isa = PBXFileReference; fileEncoding = 4; lastKnownFileType = file.xib; path = MyPageViewController.xib; sourceTree = "<group>"; };
		6F3B872B27968AEB00A4BD07 /* MyPageViewController.swift */ = {isa = PBXFileReference; fileEncoding = 4; lastKnownFileType = sourcecode.swift; path = MyPageViewController.swift; sourceTree = "<group>"; };
		6F3B872D27968AEB00A4BD07 /* StudioMapViewController.xib */ = {isa = PBXFileReference; fileEncoding = 4; lastKnownFileType = file.xib; path = StudioMapViewController.xib; sourceTree = "<group>"; };
		6F3B872E27968AEB00A4BD07 /* StudioMapViewController.swift */ = {isa = PBXFileReference; fileEncoding = 4; lastKnownFileType = sourcecode.swift; path = StudioMapViewController.swift; sourceTree = "<group>"; };
		6F3B873327968AEB00A4BD07 /* FirstAddPhotoPopUpViewController.swift */ = {isa = PBXFileReference; fileEncoding = 4; lastKnownFileType = sourcecode.swift; path = FirstAddPhotoPopUpViewController.swift; sourceTree = "<group>"; };
		6F3B873427968AEB00A4BD07 /* SecondAddPhotoPopUpViewController.swift */ = {isa = PBXFileReference; fileEncoding = 4; lastKnownFileType = sourcecode.swift; path = SecondAddPhotoPopUpViewController.swift; sourceTree = "<group>"; };
		6F3B873627968AEB00A4BD07 /* AddPhotoViewController.xib */ = {isa = PBXFileReference; fileEncoding = 4; lastKnownFileType = file.xib; path = AddPhotoViewController.xib; sourceTree = "<group>"; };
		6F3B873727968AEB00A4BD07 /* AddPhotoViewController.swift */ = {isa = PBXFileReference; fileEncoding = 4; lastKnownFileType = sourcecode.swift; path = AddPhotoViewController.swift; sourceTree = "<group>"; };
		6F3B873927968AEB00A4BD07 /* FilmRollClickViewController.swift */ = {isa = PBXFileReference; fileEncoding = 4; lastKnownFileType = sourcecode.swift; path = FilmRollClickViewController.swift; sourceTree = "<group>"; };
		6F3B873A27968AEB00A4BD07 /* FilmRollClickViewController.xib */ = {isa = PBXFileReference; fileEncoding = 4; lastKnownFileType = file.xib; path = FilmRollClickViewController.xib; sourceTree = "<group>"; };
		6F3B873C27968AEB00A4BD07 /* FilmRollViewController.xib */ = {isa = PBXFileReference; fileEncoding = 4; lastKnownFileType = file.xib; path = FilmRollViewController.xib; sourceTree = "<group>"; };
		6F3B873E27968AEB00A4BD07 /* FilmRollViewController+DataSource.swift */ = {isa = PBXFileReference; fileEncoding = 4; lastKnownFileType = sourcecode.swift; path = "FilmRollViewController+DataSource.swift"; sourceTree = "<group>"; };
		6F3B873F27968AEB00A4BD07 /* FilmRollSection.swift */ = {isa = PBXFileReference; fileEncoding = 4; lastKnownFileType = sourcecode.swift; path = FilmRollSection.swift; sourceTree = "<group>"; };
		6F3B874027968AEB00A4BD07 /* FilmRollViewController+Layout.swift */ = {isa = PBXFileReference; fileEncoding = 4; lastKnownFileType = sourcecode.swift; path = "FilmRollViewController+Layout.swift"; sourceTree = "<group>"; };
		6F3B874127968AEB00A4BD07 /* FilmRollViewController.swift */ = {isa = PBXFileReference; fileEncoding = 4; lastKnownFileType = sourcecode.swift; path = FilmRollViewController.swift; sourceTree = "<group>"; };
		6F3B874427968AEB00A4BD07 /* FilmTypeCollectionViewCell.swift */ = {isa = PBXFileReference; fileEncoding = 4; lastKnownFileType = sourcecode.swift; path = FilmTypeCollectionViewCell.swift; sourceTree = "<group>"; };
		6F3B874527968AEB00A4BD07 /* FilmTypeCollectionViewCell.xib */ = {isa = PBXFileReference; fileEncoding = 4; lastKnownFileType = file.xib; path = FilmTypeCollectionViewCell.xib; sourceTree = "<group>"; };
		6F3B874727968AEB00A4BD07 /* FilmCurationCollectionViewCell.xib */ = {isa = PBXFileReference; fileEncoding = 4; lastKnownFileType = file.xib; path = FilmCurationCollectionViewCell.xib; sourceTree = "<group>"; };
		6F3B874827968AEB00A4BD07 /* FilmCurationCollectionViewCell.swift */ = {isa = PBXFileReference; fileEncoding = 4; lastKnownFileType = sourcecode.swift; path = FilmCurationCollectionViewCell.swift; sourceTree = "<group>"; };
		6F3B874A27968AEB00A4BD07 /* FilmCurationFirstCollectionViewCell.xib */ = {isa = PBXFileReference; fileEncoding = 4; lastKnownFileType = file.xib; path = FilmCurationFirstCollectionViewCell.xib; sourceTree = "<group>"; };
		6F3B874B27968AEB00A4BD07 /* FilmCurationFirstCollectionViewCell.swift */ = {isa = PBXFileReference; fileEncoding = 4; lastKnownFileType = sourcecode.swift; path = FilmCurationFirstCollectionViewCell.swift; sourceTree = "<group>"; };
		6F3B874D27968AEB00A4BD07 /* FilmCurationCollectionReusableView.xib */ = {isa = PBXFileReference; fileEncoding = 4; lastKnownFileType = file.xib; path = FilmCurationCollectionReusableView.xib; sourceTree = "<group>"; };
		6F3B874E27968AEB00A4BD07 /* FilmCurationCollectionReusableView.swift */ = {isa = PBXFileReference; fileEncoding = 4; lastKnownFileType = sourcecode.swift; path = FilmCurationCollectionReusableView.swift; sourceTree = "<group>"; };
		6F3B875027968AEB00A4BD07 /* StudioMapBottomSheetViewController.xib */ = {isa = PBXFileReference; fileEncoding = 4; lastKnownFileType = file.xib; path = StudioMapBottomSheetViewController.xib; sourceTree = "<group>"; };
		6F3B875127968AEB00A4BD07 /* StudioMapBottomSheetViewController.swift */ = {isa = PBXFileReference; fileEncoding = 4; lastKnownFileType = sourcecode.swift; path = StudioMapBottomSheetViewController.swift; sourceTree = "<group>"; };
		6F3B875327968AEB00A4BD07 /* HomeViewController.xib */ = {isa = PBXFileReference; fileEncoding = 4; lastKnownFileType = file.xib; path = HomeViewController.xib; sourceTree = "<group>"; };
		6F3B875427968AEB00A4BD07 /* HomeViewController.swift */ = {isa = PBXFileReference; fileEncoding = 4; lastKnownFileType = sourcecode.swift; path = HomeViewController.swift; sourceTree = "<group>"; };
		6F3B875727968AEB00A4BD07 /* TabBarTableViewCell.xib */ = {isa = PBXFileReference; fileEncoding = 4; lastKnownFileType = file.xib; path = TabBarTableViewCell.xib; sourceTree = "<group>"; };
		6F3B875827968AEB00A4BD07 /* TabBarTableViewCell.swift */ = {isa = PBXFileReference; fileEncoding = 4; lastKnownFileType = sourcecode.swift; path = TabBarTableViewCell.swift; sourceTree = "<group>"; };
		6F3B875A27968AEB00A4BD07 /* PhotosCollectionViewCell.xib */ = {isa = PBXFileReference; fileEncoding = 4; lastKnownFileType = file.xib; path = PhotosCollectionViewCell.xib; sourceTree = "<group>"; };
		6F3B875B27968AEB00A4BD07 /* PhotosCollectionViewCell.swift */ = {isa = PBXFileReference; fileEncoding = 4; lastKnownFileType = sourcecode.swift; path = PhotosCollectionViewCell.swift; sourceTree = "<group>"; };
		6F3B875C27968AEB00A4BD07 /* PhotosTableViewCell.swift */ = {isa = PBXFileReference; fileEncoding = 4; lastKnownFileType = sourcecode.swift; path = PhotosTableViewCell.swift; sourceTree = "<group>"; };
		6F3B875D27968AEB00A4BD07 /* ArrowCollectionViewCell.xib */ = {isa = PBXFileReference; fileEncoding = 4; lastKnownFileType = file.xib; path = ArrowCollectionViewCell.xib; sourceTree = "<group>"; };
		6F3B875E27968AEB00A4BD07 /* ArrowCollectionViewCell.swift */ = {isa = PBXFileReference; fileEncoding = 4; lastKnownFileType = sourcecode.swift; path = ArrowCollectionViewCell.swift; sourceTree = "<group>"; };
		6F3B875F27968AEB00A4BD07 /* PhotosTableViewCell.xib */ = {isa = PBXFileReference; fileEncoding = 4; lastKnownFileType = file.xib; path = PhotosTableViewCell.xib; sourceTree = "<group>"; };
		6F3B876127968AEB00A4BD07 /* MapTableViewCell.xib */ = {isa = PBXFileReference; fileEncoding = 4; lastKnownFileType = file.xib; path = MapTableViewCell.xib; sourceTree = "<group>"; };
		6F3B876227968AEB00A4BD07 /* MapTableViewCell.swift */ = {isa = PBXFileReference; fileEncoding = 4; lastKnownFileType = sourcecode.swift; path = MapTableViewCell.swift; sourceTree = "<group>"; };
		6F3B876427968AEB00A4BD07 /* WelcomeTableViewCell.swift */ = {isa = PBXFileReference; fileEncoding = 4; lastKnownFileType = sourcecode.swift; path = WelcomeTableViewCell.swift; sourceTree = "<group>"; };
		6F3B876527968AEB00A4BD07 /* WelcomeTableViewCell.xib */ = {isa = PBXFileReference; fileEncoding = 4; lastKnownFileType = file.xib; path = WelcomeTableViewCell.xib; sourceTree = "<group>"; };
		6F3B876727968AEB00A4BD07 /* LoginViewController.swift */ = {isa = PBXFileReference; fileEncoding = 4; lastKnownFileType = sourcecode.swift; path = LoginViewController.swift; sourceTree = "<group>"; };
		6F3B876827968AEB00A4BD07 /* AppDelegate.swift */ = {isa = PBXFileReference; fileEncoding = 4; lastKnownFileType = sourcecode.swift; path = AppDelegate.swift; sourceTree = "<group>"; };
		6F3B876A27968AEB00A4BD07 /* FillinNavigationBar.swift */ = {isa = PBXFileReference; fileEncoding = 4; lastKnownFileType = sourcecode.swift; path = FillinNavigationBar.swift; sourceTree = "<group>"; };
		6F3B876C27968AEB00A4BD07 /* identifiable.swift */ = {isa = PBXFileReference; fileEncoding = 4; lastKnownFileType = sourcecode.swift; path = identifiable.swift; sourceTree = "<group>"; };
		6F3B876D27968AEB00A4BD07 /* SceneDelegate.swift */ = {isa = PBXFileReference; fileEncoding = 4; lastKnownFileType = sourcecode.swift; path = SceneDelegate.swift; sourceTree = "<group>"; };
		6F3B876E27968AEB00A4BD07 /* Fillin-iOS.entitlements */ = {isa = PBXFileReference; fileEncoding = 4; lastKnownFileType = text.plist.entitlements; path = "Fillin-iOS.entitlements"; sourceTree = "<group>"; };
		6F3B876F27968AEB00A4BD07 /* Info.plist */ = {isa = PBXFileReference; fileEncoding = 4; lastKnownFileType = text.plist.xml; path = Info.plist; sourceTree = "<group>"; };
		6F3B87DB27968D3000A4BD07 /* StudioMapCollectionViewCell.xib */ = {isa = PBXFileReference; fileEncoding = 4; lastKnownFileType = file.xib; path = StudioMapCollectionViewCell.xib; sourceTree = "<group>"; };
		6F3B87DC27968D3000A4BD07 /* StudioMapContentViewController.swift */ = {isa = PBXFileReference; fileEncoding = 4; lastKnownFileType = sourcecode.swift; path = StudioMapContentViewController.swift; sourceTree = "<group>"; };
		6F3B87DD27968D3000A4BD07 /* StudioMapCollectionViewCell.swift */ = {isa = PBXFileReference; fileEncoding = 4; lastKnownFileType = sourcecode.swift; path = StudioMapCollectionViewCell.swift; sourceTree = "<group>"; };
		6F3B87DE27968D3000A4BD07 /* StudioMapContentViewController.xib */ = {isa = PBXFileReference; fileEncoding = 4; lastKnownFileType = file.xib; path = StudioMapContentViewController.xib; sourceTree = "<group>"; };
		6F541EB5279859300016BA1A /* StudioPhotoResponse.swift */ = {isa = PBXFileReference; lastKnownFileType = sourcecode.swift; path = StudioPhotoResponse.swift; sourceTree = "<group>"; };
		6F8B71F82796F33A00F88EB3 /* StudioResponse.swift */ = {isa = PBXFileReference; lastKnownFileType = sourcecode.swift; path = StudioResponse.swift; sourceTree = "<group>"; };
		6F8B72002797291300F88EB3 /* StudioInfoResponse.swift */ = {isa = PBXFileReference; lastKnownFileType = sourcecode.swift; path = StudioInfoResponse.swift; sourceTree = "<group>"; };
		775C9645278ACBEA00A9BEA0 /* Fillin-iOS.app */ = {isa = PBXFileReference; explicitFileType = wrapper.application; includeInIndex = 0; path = "Fillin-iOS.app"; sourceTree = BUILT_PRODUCTS_DIR; };
		775C965D278ACDE200A9BEA0 /* .swiftlint.yml */ = {isa = PBXFileReference; lastKnownFileType = text.yaml; path = .swiftlint.yml; sourceTree = "<group>"; };
		775C96A9278B2E1100A9BEA0 /* swiftgen.yml */ = {isa = PBXFileReference; fileEncoding = 4; lastKnownFileType = text.yaml; path = swiftgen.yml; sourceTree = "<group>"; };
		77EB4213279736F700C726D8 /* FilmSelectViewController.swift */ = {isa = PBXFileReference; lastKnownFileType = sourcecode.swift; path = FilmSelectViewController.swift; sourceTree = "<group>"; };
		77EB4214279736F700C726D8 /* FilmSelectViewController.xib */ = {isa = PBXFileReference; lastKnownFileType = file.xib; path = FilmSelectViewController.xib; sourceTree = "<group>"; };
		77EB421827973C1500C726D8 /* FilmTypeTableViewCell.swift */ = {isa = PBXFileReference; lastKnownFileType = sourcecode.swift; path = FilmTypeTableViewCell.swift; sourceTree = "<group>"; };
		77EB421927973C1500C726D8 /* FilmTypeTableViewCell.xib */ = {isa = PBXFileReference; lastKnownFileType = file.xib; path = FilmTypeTableViewCell.xib; sourceTree = "<group>"; };
		77EB421D27974B0900C726D8 /* CurationResponse.swift */ = {isa = PBXFileReference; lastKnownFileType = sourcecode.swift; path = CurationResponse.swift; sourceTree = "<group>"; };
		77EB42202797D17600C726D8 /* FlimSelectAPI.swift */ = {isa = PBXFileReference; lastKnownFileType = sourcecode.swift; path = FlimSelectAPI.swift; sourceTree = "<group>"; };
		77EB42222797D1CE00C726D8 /* FilmSelectService.swift */ = {isa = PBXFileReference; lastKnownFileType = sourcecode.swift; path = FilmSelectService.swift; sourceTree = "<group>"; };
		77EB42252797DAFD00C726D8 /* FilmResponse.swift */ = {isa = PBXFileReference; lastKnownFileType = sourcecode.swift; path = FilmResponse.swift; sourceTree = "<group>"; };
		864A552B88FE473B50DE4171 /* Pods-Fillin-iOS.debug.xcconfig */ = {isa = PBXFileReference; includeInIndex = 1; lastKnownFileType = text.xcconfig; name = "Pods-Fillin-iOS.debug.xcconfig"; path = "Target Support Files/Pods-Fillin-iOS/Pods-Fillin-iOS.debug.xcconfig"; sourceTree = "<group>"; };
		E86731CA279728EE00FCD0EE /* UIViewController+Extension.swift */ = {isa = PBXFileReference; lastKnownFileType = sourcecode.swift; path = "UIViewController+Extension.swift"; sourceTree = "<group>"; };
		F33300C623DFF466AFCE2914 /* Pods_Fillin_iOS.framework */ = {isa = PBXFileReference; explicitFileType = wrapper.framework; includeInIndex = 0; path = Pods_Fillin_iOS.framework; sourceTree = BUILT_PRODUCTS_DIR; };
/* End PBXFileReference section */

/* Begin PBXFrameworksBuildPhase section */
		775C9642278ACBEA00A9BEA0 /* Frameworks */ = {
			isa = PBXFrameworksBuildPhase;
			buildActionMask = 2147483647;
			files = (
				9ADF3537C1D51ED22F4C921B /* Pods_Fillin_iOS.framework in Frameworks */,
			);
			runOnlyForDeploymentPostprocessing = 0;
		};
/* End PBXFrameworksBuildPhase section */

/* Begin PBXGroup section */
		33B49427CA26D6FA968A16CD /* Frameworks */ = {
			isa = PBXGroup;
			children = (
				F33300C623DFF466AFCE2914 /* Pods_Fillin_iOS.framework */,
			);
			name = Frameworks;
			sourceTree = "<group>";
		};
		395998FF8B0904B6BF7C4A7B /* Pods */ = {
			isa = PBXGroup;
			children = (
				864A552B88FE473B50DE4171 /* Pods-Fillin-iOS.debug.xcconfig */,
				18FC9C8D02E669D0F43E8733 /* Pods-Fillin-iOS.release.xcconfig */,
			);
			path = Pods;
			sourceTree = "<group>";
		};
		6F3B86E027968AEB00A4BD07 /* Fillin-iOS */ = {
			isa = PBXGroup;
			children = (
				6F3B876E27968AEB00A4BD07 /* Fillin-iOS.entitlements */,
				6F3B876F27968AEB00A4BD07 /* Info.plist */,
				6F3B86E127968AEB00A4BD07 /* Resources */,
				6F3B86FC27968AEB00A4BD07 /* Sources */,
			);
			path = "Fillin-iOS";
			sourceTree = "<group>";
		};
		6F3B86E127968AEB00A4BD07 /* Resources */ = {
			isa = PBXGroup;
			children = (
				6F3B86F727968AEB00A4BD07 /* Assets */,
				6F3B86E227968AEB00A4BD07 /* Constants */,
				6F3B86EA27968AEB00A4BD07 /* Extensions */,
				6F3B86F127968AEB00A4BD07 /* Fonts */,
			);
			path = Resources;
			sourceTree = "<group>";
		};
		6F3B86E227968AEB00A4BD07 /* Constants */ = {
			isa = PBXGroup;
			children = (
				6F3B86E927968AEB00A4BD07 /* Const.swift */,
				6F3B86E327968AEB00A4BD07 /* Assets+Generated.swift */,
				6F3B86E427968AEB00A4BD07 /* Xib.swift */,
				6F3B86E527968AEB00A4BD07 /* UserDefaultsKey.swift */,
				6F3B86E627968AEB00A4BD07 /* Header.swift */,
				6F3B86E727968AEB00A4BD07 /* Notification.swift */,
				6F3B86E827968AEB00A4BD07 /* URL.swift */,
			);
			path = Constants;
			sourceTree = "<group>";
		};
		6F3B86EA27968AEB00A4BD07 /* Extensions */ = {
			isa = PBXGroup;
			children = (
				6F3B86EB27968AEB00A4BD07 /* UIImageView+Extension.swift */,
				6F3B86EC27968AEB00A4BD07 /* UIFont+Extension.swift */,
				6F3B86ED27968AEB00A4BD07 /* UIColor+Extension.swift */,
				6F3B86EE27968AEB00A4BD07 /* UILabel+Extension.swift */,
				6F3B86EF27968AEB00A4BD07 /* UIButton+Extension.swift */,
				6F3B86F027968AEB00A4BD07 /* UIView+Extension.swift */,
				E86731CA279728EE00FCD0EE /* UIViewController+Extension.swift */,
			);
			path = Extensions;
			sourceTree = "<group>";
		};
		6F3B86F127968AEB00A4BD07 /* Fonts */ = {
			isa = PBXGroup;
			children = (
				6F3B86F627968AEB00A4BD07 /* NotoSansKR-Regular.otf */,
				6F3B86F227968AEB00A4BD07 /* NotoSansKR-Bold.otf */,
				6F3B86F327968AEB00A4BD07 /* NotoSansKR-Medium.otf */,
				6F3B86F427968AEB00A4BD07 /* FuturaStdBook.otf */,
				6F3B86F527968AEB00A4BD07 /* FuturaStdBold.otf */,
			);
			path = Fonts;
			sourceTree = "<group>";
		};
		6F3B86F727968AEB00A4BD07 /* Assets */ = {
			isa = PBXGroup;
			children = (
				6F3B86F827968AEB00A4BD07 /* Colors.xcassets */,
				6F3B86F927968AEB00A4BD07 /* Assets.xcassets */,
				6F3B86FA27968AEB00A4BD07 /* LaunchScreen.storyboard */,
			);
			path = Assets;
			sourceTree = "<group>";
		};
		6F3B86FC27968AEB00A4BD07 /* Sources */ = {
			isa = PBXGroup;
			children = (
				6F3B876827968AEB00A4BD07 /* AppDelegate.swift */,
				6F3B876D27968AEB00A4BD07 /* SceneDelegate.swift */,
				6F3B86FD27968AEB00A4BD07 /* Classes */,
				6F3B86FF27968AEB00A4BD07 /* Models */,
				6F3B870527968AEB00A4BD07 /* NetworkService */,
				6F3B876B27968AEB00A4BD07 /* Protocols */,
				6F3B876927968AEB00A4BD07 /* Views */,
				6F3B871B27968AEB00A4BD07 /* ViewControllers */,
			);
			path = Sources;
			sourceTree = "<group>";
		};
		6F3B86FD27968AEB00A4BD07 /* Classes */ = {
			isa = PBXGroup;
			children = (
				6F3B86FE27968AEB00A4BD07 /* TempClass.swift */,
			);
			path = Classes;
			sourceTree = "<group>";
		};
		6F3B86FF27968AEB00A4BD07 /* Models */ = {
			isa = PBXGroup;
			children = (
				6F3B870327968AEB00A4BD07 /* NetworkResult.swift */,
				6F3B870427968AEB00A4BD07 /* GenericResponse.swift */,
				6F3B870027968AEB00A4BD07 /* PhotosResponse.swift */,
				6F3B870127968AEB00A4BD07 /* Map */,
			);
			path = Models;
			sourceTree = "<group>";
		};
		6F3B870127968AEB00A4BD07 /* Map */ = {
			isa = PBXGroup;
			children = (
				6F3B870227968AEB00A4BD07 /* MapLocation.swift */,
			);
			path = Map;
			sourceTree = "<group>";
		};
		6F3B870527968AEB00A4BD07 /* NetworkService */ = {
			isa = PBXGroup;
			children = (
				6F3B871727968AEB00A4BD07 /* HowTo.swift */,
				6F3B870627968AEB00A4BD07 /* Home */,
				6F3B870927968AEB00A4BD07 /* Plugin */,
				6F3B870B27968AEB00A4BD07 /* User */,
				6F3B871127968AEB00A4BD07 /* AddPhoto */,
				6F3B871827968AEB00A4BD07 /* FilmRoll */,
				77EB421F2797D16500C726D8 /* FilmSelect */,
				6F3B871427968AEB00A4BD07 /* StudioMap */,
				6F3B870E27968AEB00A4BD07 /* MyPage */,
			);
			path = NetworkService;
			sourceTree = "<group>";
		};
		6F3B870627968AEB00A4BD07 /* Home */ = {
			isa = PBXGroup;
			children = (
				6F3B870827968AEB00A4BD07 /* HomeAPI.swift */,
				6F3B870727968AEB00A4BD07 /* HomeService.swift */,
			);
			path = Home;
			sourceTree = "<group>";
		};
		6F3B870927968AEB00A4BD07 /* Plugin */ = {
			isa = PBXGroup;
			children = (
				6F3B870A27968AEB00A4BD07 /* MoyaLoggerPlugin.swift */,
			);
			path = Plugin;
			sourceTree = "<group>";
		};
		6F3B870B27968AEB00A4BD07 /* User */ = {
			isa = PBXGroup;
			children = (
				6F3B870C27968AEB00A4BD07 /* UserAPI.swift */,
				6F3B870D27968AEB00A4BD07 /* UserService.swift */,
			);
			path = User;
			sourceTree = "<group>";
		};
		6F3B870E27968AEB00A4BD07 /* MyPage */ = {
			isa = PBXGroup;
			children = (
				6F3B870F27968AEB00A4BD07 /* MyPageService.swift */,
				6F3B871027968AEB00A4BD07 /* MyPageAPI.swift */,
			);
			path = MyPage;
			sourceTree = "<group>";
		};
		6F3B871127968AEB00A4BD07 /* AddPhoto */ = {
			isa = PBXGroup;
			children = (
				6F3B871227968AEB00A4BD07 /* AddPhotoAPI.swift */,
				6F3B871327968AEB00A4BD07 /* AddPhotoService.swift */,
			);
			path = AddPhoto;
			sourceTree = "<group>";
		};
		6F3B871427968AEB00A4BD07 /* StudioMap */ = {
			isa = PBXGroup;
			children = (
				6F3B871527968AEB00A4BD07 /* StudioMapAPI.swift */,
				6F3B871627968AEB00A4BD07 /* StudioMapService.swift */,
			);
			path = StudioMap;
			sourceTree = "<group>";
		};
		6F3B871827968AEB00A4BD07 /* FilmRoll */ = {
			isa = PBXGroup;
			children = (
				6F3B871A27968AEB00A4BD07 /* FilmRollAPI.swift */,
				6F3B871927968AEB00A4BD07 /* FilmRollService.swift */,
			);
			path = FilmRoll;
			sourceTree = "<group>";
		};
		6F3B871B27968AEB00A4BD07 /* ViewControllers */ = {
			isa = PBXGroup;
			children = (
				6F3B872527968AEB00A4BD07 /* SplashViewController */,
				6F3B872127968AEB00A4BD07 /* OnboardingViewController */,
				6F3B876627968AEB00A4BD07 /* LoginViewController */,
				6F3B875227968AEB00A4BD07 /* HomeViewController */,
				6F3B873527968AEB00A4BD07 /* AddPhotoViewController */,
				6F3B873227968AEB00A4BD07 /* AddPhotoPopUpViewController */,
				6F3B873B27968AEB00A4BD07 /* FilmRollViewController */,
				6F3B873827968AEB00A4BD07 /* FilmRollClickViewController */,
				77EB4212279736C200C726D8 /* FilmSelectViewController */,
				6F3B872C27968AEB00A4BD07 /* StudioMapViewController */,
				6F3B874F27968AEB00A4BD07 /* StudioMapBottomSheetViewController */,
				6F3B871C27968AEB00A4BD07 /* StudioMapSearchViewController */,
				6F3B872827968AEB00A4BD07 /* MyPageViewController */,
			);
			path = ViewControllers;
			sourceTree = "<group>";
		};
		6F3B871C27968AEB00A4BD07 /* StudioMapSearchViewController */ = {
			isa = PBXGroup;
			children = (
				6F3B871E27968AEB00A4BD07 /* StudioMapSearchTableViewCell.swift */,
				6F3B871D27968AEB00A4BD07 /* StudioMapSearchTableViewCell.xib */,
				6F3B872027968AEB00A4BD07 /* StudioMapSearchViewController.swift */,
				6F3B871F27968AEB00A4BD07 /* StudioMapSearchViewController.xib */,
			);
			path = StudioMapSearchViewController;
			sourceTree = "<group>";
		};
		6F3B872127968AEB00A4BD07 /* OnboardingViewController */ = {
			isa = PBXGroup;
			children = (
				6F3B872227968AEB00A4BD07 /* OnboardingFirstViewController.swift */,
				6F3B872327968AEB00A4BD07 /* OnboardingThirdViewController.swift */,
				6F3B872427968AEB00A4BD07 /* OnboardingSecondViewController.swift */,
			);
			path = OnboardingViewController;
			sourceTree = "<group>";
		};
		6F3B872527968AEB00A4BD07 /* SplashViewController */ = {
			isa = PBXGroup;
			children = (
				6F3B872627968AEB00A4BD07 /* SplashViewController.swift */,
				6F3B872727968AEB00A4BD07 /* SplashViewController.xib */,
			);
			path = SplashViewController;
			sourceTree = "<group>";
		};
		6F3B872827968AEB00A4BD07 /* MyPageViewController */ = {
			isa = PBXGroup;
			children = (
				6F3B872927968AEB00A4BD07 /* MyPagePhotoCollectionViewCell.swift */,
				6F3B872A27968AEB00A4BD07 /* MyPageViewController.xib */,
				6F3B872B27968AEB00A4BD07 /* MyPageViewController.swift */,
			);
			path = MyPageViewController;
			sourceTree = "<group>";
		};
		6F3B872C27968AEB00A4BD07 /* StudioMapViewController */ = {
			isa = PBXGroup;
			children = (
				6F8B71F72796F30000F88EB3 /* DataModel */,
				6F3B872E27968AEB00A4BD07 /* StudioMapViewController.swift */,
				6F3B872D27968AEB00A4BD07 /* StudioMapViewController.xib */,
			);
			path = StudioMapViewController;
			sourceTree = "<group>";
		};
		6F3B873227968AEB00A4BD07 /* AddPhotoPopUpViewController */ = {
			isa = PBXGroup;
			children = (
				6F3B873327968AEB00A4BD07 /* FirstAddPhotoPopUpViewController.swift */,
				6F3B873427968AEB00A4BD07 /* SecondAddPhotoPopUpViewController.swift */,
			);
			path = AddPhotoPopUpViewController;
			sourceTree = "<group>";
		};
		6F3B873527968AEB00A4BD07 /* AddPhotoViewController */ = {
			isa = PBXGroup;
			children = (
				6F3B873727968AEB00A4BD07 /* AddPhotoViewController.swift */,
				6F3B873627968AEB00A4BD07 /* AddPhotoViewController.xib */,
			);
			path = AddPhotoViewController;
			sourceTree = "<group>";
		};
		6F3B873827968AEB00A4BD07 /* FilmRollClickViewController */ = {
			isa = PBXGroup;
			children = (
				6F3B873927968AEB00A4BD07 /* FilmRollClickViewController.swift */,
				6F3B873A27968AEB00A4BD07 /* FilmRollClickViewController.xib */,
			);
			path = FilmRollClickViewController;
			sourceTree = "<group>";
		};
		6F3B873B27968AEB00A4BD07 /* FilmRollViewController */ = {
			isa = PBXGroup;
			children = (
				77EB421C27974AE300C726D8 /* DataModel */,
				6F3B874227968AEB00A4BD07 /* Cell */,
				6F3B873D27968AEB00A4BD07 /* FilmRollCollectionView */,
				6F3B874127968AEB00A4BD07 /* FilmRollViewController.swift */,
				6F3B873C27968AEB00A4BD07 /* FilmRollViewController.xib */,
			);
			path = FilmRollViewController;
			sourceTree = "<group>";
		};
		6F3B873D27968AEB00A4BD07 /* FilmRollCollectionView */ = {
			isa = PBXGroup;
			children = (
				6F3B873F27968AEB00A4BD07 /* FilmRollSection.swift */,
				6F3B874027968AEB00A4BD07 /* FilmRollViewController+Layout.swift */,
				6F3B873E27968AEB00A4BD07 /* FilmRollViewController+DataSource.swift */,
			);
			path = FilmRollCollectionView;
			sourceTree = "<group>";
		};
		6F3B874227968AEB00A4BD07 /* Cell */ = {
			isa = PBXGroup;
			children = (
				6F3B874C27968AEB00A4BD07 /* FilmCurationCollectionReusableView */,
				6F3B874927968AEB00A4BD07 /* FilmCurationFirstCollectionViewCell */,
				6F3B874627968AEB00A4BD07 /* FilmCurationCollectionViewCell */,
				6F3B874327968AEB00A4BD07 /* FilmTypeCollectionViewCell */,
			);
			path = Cell;
			sourceTree = "<group>";
		};
		6F3B874327968AEB00A4BD07 /* FilmTypeCollectionViewCell */ = {
			isa = PBXGroup;
			children = (
				6F3B874427968AEB00A4BD07 /* FilmTypeCollectionViewCell.swift */,
				6F3B874527968AEB00A4BD07 /* FilmTypeCollectionViewCell.xib */,
			);
			path = FilmTypeCollectionViewCell;
			sourceTree = "<group>";
		};
		6F3B874627968AEB00A4BD07 /* FilmCurationCollectionViewCell */ = {
			isa = PBXGroup;
			children = (
				6F3B874827968AEB00A4BD07 /* FilmCurationCollectionViewCell.swift */,
				6F3B874727968AEB00A4BD07 /* FilmCurationCollectionViewCell.xib */,
			);
			path = FilmCurationCollectionViewCell;
			sourceTree = "<group>";
		};
		6F3B874927968AEB00A4BD07 /* FilmCurationFirstCollectionViewCell */ = {
			isa = PBXGroup;
			children = (
				6F3B874B27968AEB00A4BD07 /* FilmCurationFirstCollectionViewCell.swift */,
				6F3B874A27968AEB00A4BD07 /* FilmCurationFirstCollectionViewCell.xib */,
			);
			path = FilmCurationFirstCollectionViewCell;
			sourceTree = "<group>";
		};
		6F3B874C27968AEB00A4BD07 /* FilmCurationCollectionReusableView */ = {
			isa = PBXGroup;
			children = (
				6F3B874E27968AEB00A4BD07 /* FilmCurationCollectionReusableView.swift */,
				6F3B874D27968AEB00A4BD07 /* FilmCurationCollectionReusableView.xib */,
			);
			path = FilmCurationCollectionReusableView;
			sourceTree = "<group>";
		};
		6F3B874F27968AEB00A4BD07 /* StudioMapBottomSheetViewController */ = {
			isa = PBXGroup;
			children = (
				6F3B87DA27968D3000A4BD07 /* StudioMapContentViewController */,
				6F3B875127968AEB00A4BD07 /* StudioMapBottomSheetViewController.swift */,
				6F3B875027968AEB00A4BD07 /* StudioMapBottomSheetViewController.xib */,
			);
			path = StudioMapBottomSheetViewController;
			sourceTree = "<group>";
		};
		6F3B875227968AEB00A4BD07 /* HomeViewController */ = {
			isa = PBXGroup;
			children = (
				6F3B875527968AEB00A4BD07 /* Cell */,
				6F3B875427968AEB00A4BD07 /* HomeViewController.swift */,
				6F3B875327968AEB00A4BD07 /* HomeViewController.xib */,
			);
			path = HomeViewController;
			sourceTree = "<group>";
		};
		6F3B875527968AEB00A4BD07 /* Cell */ = {
			isa = PBXGroup;
			children = (
				6F3B875627968AEB00A4BD07 /* TabBarTableViewCell */,
				6F3B875927968AEB00A4BD07 /* PhotosTableViewCell */,
				6F3B876027968AEB00A4BD07 /* MapTableViewCell */,
				6F3B876327968AEB00A4BD07 /* WelcomeTableViewCell */,
			);
			path = Cell;
			sourceTree = "<group>";
		};
		6F3B875627968AEB00A4BD07 /* TabBarTableViewCell */ = {
			isa = PBXGroup;
			children = (
				6F3B875827968AEB00A4BD07 /* TabBarTableViewCell.swift */,
				6F3B875727968AEB00A4BD07 /* TabBarTableViewCell.xib */,
			);
			path = TabBarTableViewCell;
			sourceTree = "<group>";
		};
		6F3B875927968AEB00A4BD07 /* PhotosTableViewCell */ = {
			isa = PBXGroup;
			children = (
				6F3B875B27968AEB00A4BD07 /* PhotosCollectionViewCell.swift */,
				6F3B875A27968AEB00A4BD07 /* PhotosCollectionViewCell.xib */,
				6F3B875C27968AEB00A4BD07 /* PhotosTableViewCell.swift */,
				6F3B875F27968AEB00A4BD07 /* PhotosTableViewCell.xib */,
				6F3B875E27968AEB00A4BD07 /* ArrowCollectionViewCell.swift */,
				6F3B875D27968AEB00A4BD07 /* ArrowCollectionViewCell.xib */,
			);
			path = PhotosTableViewCell;
			sourceTree = "<group>";
		};
		6F3B876027968AEB00A4BD07 /* MapTableViewCell */ = {
			isa = PBXGroup;
			children = (
				6F3B876227968AEB00A4BD07 /* MapTableViewCell.swift */,
				6F3B876127968AEB00A4BD07 /* MapTableViewCell.xib */,
			);
			path = MapTableViewCell;
			sourceTree = "<group>";
		};
		6F3B876327968AEB00A4BD07 /* WelcomeTableViewCell */ = {
			isa = PBXGroup;
			children = (
				6F3B876427968AEB00A4BD07 /* WelcomeTableViewCell.swift */,
				6F3B876527968AEB00A4BD07 /* WelcomeTableViewCell.xib */,
			);
			path = WelcomeTableViewCell;
			sourceTree = "<group>";
		};
		6F3B876627968AEB00A4BD07 /* LoginViewController */ = {
			isa = PBXGroup;
			children = (
				6F3B876727968AEB00A4BD07 /* LoginViewController.swift */,
			);
			path = LoginViewController;
			sourceTree = "<group>";
		};
		6F3B876927968AEB00A4BD07 /* Views */ = {
			isa = PBXGroup;
			children = (
				6F3B876A27968AEB00A4BD07 /* FillinNavigationBar.swift */,
			);
			path = Views;
			sourceTree = "<group>";
		};
		6F3B876B27968AEB00A4BD07 /* Protocols */ = {
			isa = PBXGroup;
			children = (
				6F3B876C27968AEB00A4BD07 /* identifiable.swift */,
			);
			path = Protocols;
			sourceTree = "<group>";
		};
		6F3B87DA27968D3000A4BD07 /* StudioMapContentViewController */ = {
			isa = PBXGroup;
			children = (
				6F3B87DD27968D3000A4BD07 /* StudioMapCollectionViewCell.swift */,
				6F3B87DB27968D3000A4BD07 /* StudioMapCollectionViewCell.xib */,
				6F3B87DC27968D3000A4BD07 /* StudioMapContentViewController.swift */,
				6F3B87DE27968D3000A4BD07 /* StudioMapContentViewController.xib */,
			);
			path = StudioMapContentViewController;
			sourceTree = "<group>";
		};
		6F8B71F72796F30000F88EB3 /* DataModel */ = {
			isa = PBXGroup;
			children = (
				6F8B71F82796F33A00F88EB3 /* StudioResponse.swift */,
				6F8B72002797291300F88EB3 /* StudioInfoResponse.swift */,
				6F541EB5279859300016BA1A /* StudioPhotoResponse.swift */,
			);
			path = DataModel;
			sourceTree = "<group>";
		};
		775C963C278ACBEA00A9BEA0 = {
			isa = PBXGroup;
			children = (
				775C96A9278B2E1100A9BEA0 /* swiftgen.yml */,
				775C965D278ACDE200A9BEA0 /* .swiftlint.yml */,
				6F3B86E027968AEB00A4BD07 /* Fillin-iOS */,
				775C9646278ACBEA00A9BEA0 /* Products */,
				395998FF8B0904B6BF7C4A7B /* Pods */,
				33B49427CA26D6FA968A16CD /* Frameworks */,
			);
			sourceTree = "<group>";
		};
		775C9646278ACBEA00A9BEA0 /* Products */ = {
			isa = PBXGroup;
			children = (
				775C9645278ACBEA00A9BEA0 /* Fillin-iOS.app */,
			);
			name = Products;
			sourceTree = "<group>";
		};
		77EB4212279736C200C726D8 /* FilmSelectViewController */ = {
			isa = PBXGroup;
			children = (
				77EB42242797D9D300C726D8 /* DataModel */,
				77EB421727973BFF00C726D8 /* Cell */,
				77EB4213279736F700C726D8 /* FilmSelectViewController.swift */,
				77EB4214279736F700C726D8 /* FilmSelectViewController.xib */,
			);
			path = FilmSelectViewController;
			sourceTree = "<group>";
		};
		77EB421727973BFF00C726D8 /* Cell */ = {
			isa = PBXGroup;
			children = (
				77EB421827973C1500C726D8 /* FilmTypeTableViewCell.swift */,
				77EB421927973C1500C726D8 /* FilmTypeTableViewCell.xib */,
			);
			path = Cell;
			sourceTree = "<group>";
		};
		77EB421C27974AE300C726D8 /* DataModel */ = {
			isa = PBXGroup;
			children = (
				77EB421D27974B0900C726D8 /* CurationResponse.swift */,
			);
			path = DataModel;
			sourceTree = "<group>";
		};
		77EB421F2797D16500C726D8 /* FilmSelect */ = {
			isa = PBXGroup;
			children = (
				77EB42202797D17600C726D8 /* FlimSelectAPI.swift */,
				77EB42222797D1CE00C726D8 /* FilmSelectService.swift */,
			);
			path = FilmSelect;
			sourceTree = "<group>";
		};
		77EB42242797D9D300C726D8 /* DataModel */ = {
			isa = PBXGroup;
			children = (
				77EB42252797DAFD00C726D8 /* FilmResponse.swift */,
			);
			path = DataModel;
			sourceTree = "<group>";
		};
/* End PBXGroup section */

/* Begin PBXNativeTarget section */
		775C9644278ACBEA00A9BEA0 /* Fillin-iOS */ = {
			isa = PBXNativeTarget;
			buildConfigurationList = 775C9659278ACBEB00A9BEA0 /* Build configuration list for PBXNativeTarget "Fillin-iOS" */;
			buildPhases = (
				BA49CBAC8CB3ACAC9509ECE3 /* [CP] Check Pods Manifest.lock */,
				775C96AE278B317100A9BEA0 /* SwiftGen Script */,
				775C9641278ACBEA00A9BEA0 /* Sources */,
				775C9642278ACBEA00A9BEA0 /* Frameworks */,
				775C9643278ACBEA00A9BEA0 /* Resources */,
				775C965C278ACCFD00A9BEA0 /* SwiftLint Script */,
				D399231579ACE63785E41A32 /* [CP] Embed Pods Frameworks */,
			);
			buildRules = (
			);
			dependencies = (
			);
			name = "Fillin-iOS";
			productName = "Fillin-iOS";
			productReference = 775C9645278ACBEA00A9BEA0 /* Fillin-iOS.app */;
			productType = "com.apple.product-type.application";
		};
/* End PBXNativeTarget section */

/* Begin PBXProject section */
		775C963D278ACBEA00A9BEA0 /* Project object */ = {
			isa = PBXProject;
			attributes = {
				BuildIndependentTargetsInParallel = 1;
				LastSwiftUpdateCheck = 1310;
				LastUpgradeCheck = 1310;
				TargetAttributes = {
					775C9644278ACBEA00A9BEA0 = {
						CreatedOnToolsVersion = 13.1;
					};
				};
			};
			buildConfigurationList = 775C9640278ACBEA00A9BEA0 /* Build configuration list for PBXProject "Fillin-iOS" */;
			compatibilityVersion = "Xcode 13.0";
			developmentRegion = en;
			hasScannedForEncodings = 0;
			knownRegions = (
				en,
				Base,
			);
			mainGroup = 775C963C278ACBEA00A9BEA0;
			productRefGroup = 775C9646278ACBEA00A9BEA0 /* Products */;
			projectDirPath = "";
			projectRoot = "";
			targets = (
				775C9644278ACBEA00A9BEA0 /* Fillin-iOS */,
			);
		};
/* End PBXProject section */

/* Begin PBXResourcesBuildPhase section */
		775C9643278ACBEA00A9BEA0 /* Resources */ = {
			isa = PBXResourcesBuildPhase;
			buildActionMask = 2147483647;
			files = (
				6F3B877E27968AEB00A4BD07 /* NotoSansKR-Medium.otf in Resources */,
				6F3B87A027968AEB00A4BD07 /* SplashViewController.xib in Resources */,
				6F3B87BB27968AEB00A4BD07 /* StudioMapBottomSheetViewController.xib in Resources */,
				775C965E278ACDE200A9BEA0 /* .swiftlint.yml in Resources */,
				6F3B87C627968AEB00A4BD07 /* PhotosTableViewCell.xib in Resources */,
				6F3B87B727968AEB00A4BD07 /* FilmCurationFirstCollectionViewCell.xib in Resources */,
				6F3B87C427968AEB00A4BD07 /* ArrowCollectionViewCell.xib in Resources */,
				6F3B87B427968AEB00A4BD07 /* FilmTypeCollectionViewCell.xib in Resources */,
				6F3B87AA27968AEB00A4BD07 /* AddPhotoViewController.xib in Resources */,
				6F3B877D27968AEB00A4BD07 /* NotoSansKR-Bold.otf in Resources */,
				6F3B87AE27968AEB00A4BD07 /* FilmRollViewController.xib in Resources */,
				6F3B879A27968AEB00A4BD07 /* StudioMapSearchViewController.xib in Resources */,
				6F3B878427968AEB00A4BD07 /* LaunchScreen.storyboard in Resources */,
				6F3B87CA27968AEB00A4BD07 /* WelcomeTableViewCell.xib in Resources */,
				6F3B878027968AEB00A4BD07 /* FuturaStdBold.otf in Resources */,
				6F3B87A427968AEB00A4BD07 /* StudioMapViewController.xib in Resources */,
				6F3B87AD27968AEB00A4BD07 /* FilmRollClickViewController.xib in Resources */,
				6F3B87A227968AEB00A4BD07 /* MyPageViewController.xib in Resources */,
				6F3B87DF27968D3000A4BD07 /* StudioMapCollectionViewCell.xib in Resources */,
				775C96AA278B2E1100A9BEA0 /* swiftgen.yml in Resources */,
				6F3B87BF27968AEB00A4BD07 /* TabBarTableViewCell.xib in Resources */,
				6F3B878227968AEB00A4BD07 /* Colors.xcassets in Resources */,
				6F3B87E227968D3000A4BD07 /* StudioMapContentViewController.xib in Resources */,
				77EB4216279736F700C726D8 /* FilmSelectViewController.xib in Resources */,
				6F3B877F27968AEB00A4BD07 /* FuturaStdBook.otf in Resources */,
				6F3B878327968AEB00A4BD07 /* Assets.xcassets in Resources */,
				6F3B87B527968AEB00A4BD07 /* FilmCurationCollectionViewCell.xib in Resources */,
				6F3B87B927968AEB00A4BD07 /* FilmCurationCollectionReusableView.xib in Resources */,
				6F3B87BD27968AEB00A4BD07 /* HomeViewController.xib in Resources */,
				6F3B87C127968AEB00A4BD07 /* PhotosCollectionViewCell.xib in Resources */,
				6F3B879827968AEB00A4BD07 /* StudioMapSearchTableViewCell.xib in Resources */,
				6F3B87C727968AEB00A4BD07 /* MapTableViewCell.xib in Resources */,
				6F3B878127968AEB00A4BD07 /* NotoSansKR-Regular.otf in Resources */,
				77EB421B27973C1500C726D8 /* FilmTypeTableViewCell.xib in Resources */,
			);
			runOnlyForDeploymentPostprocessing = 0;
		};
/* End PBXResourcesBuildPhase section */

/* Begin PBXShellScriptBuildPhase section */
		775C965C278ACCFD00A9BEA0 /* SwiftLint Script */ = {
			isa = PBXShellScriptBuildPhase;
			buildActionMask = 2147483647;
			files = (
			);
			inputFileListPaths = (
			);
			inputPaths = (
			);
			name = "SwiftLint Script";
			outputFileListPaths = (
			);
			outputPaths = (
			);
			runOnlyForDeploymentPostprocessing = 0;
			shellPath = /bin/sh;
			shellScript = "${PODS_ROOT}/SwiftLint/swiftlint\n";
		};
		775C96AE278B317100A9BEA0 /* SwiftGen Script */ = {
			isa = PBXShellScriptBuildPhase;
			buildActionMask = 2147483647;
			files = (
			);
			inputFileListPaths = (
			);
			inputPaths = (
			);
			name = "SwiftGen Script";
			outputFileListPaths = (
			);
			outputPaths = (
			);
			runOnlyForDeploymentPostprocessing = 0;
			shellPath = /bin/sh;
			shellScript = "if [[ -f \"${PODS_ROOT}/SwiftGen/bin/swiftgen\" ]]; then\n  \"${PODS_ROOT}/SwiftGen/bin/swiftgen\"\nelse\n  echo \"warning: SwiftGen is not installed. Run 'pod install --repo-update' to install it.\"\nfi\n";
		};
		BA49CBAC8CB3ACAC9509ECE3 /* [CP] Check Pods Manifest.lock */ = {
			isa = PBXShellScriptBuildPhase;
			buildActionMask = 2147483647;
			files = (
			);
			inputFileListPaths = (
			);
			inputPaths = (
				"${PODS_PODFILE_DIR_PATH}/Podfile.lock",
				"${PODS_ROOT}/Manifest.lock",
			);
			name = "[CP] Check Pods Manifest.lock";
			outputFileListPaths = (
			);
			outputPaths = (
				"$(DERIVED_FILE_DIR)/Pods-Fillin-iOS-checkManifestLockResult.txt",
			);
			runOnlyForDeploymentPostprocessing = 0;
			shellPath = /bin/sh;
			shellScript = "diff \"${PODS_PODFILE_DIR_PATH}/Podfile.lock\" \"${PODS_ROOT}/Manifest.lock\" > /dev/null\nif [ $? != 0 ] ; then\n    # print error to STDERR\n    echo \"error: The sandbox is not in sync with the Podfile.lock. Run 'pod install' or update your CocoaPods installation.\" >&2\n    exit 1\nfi\n# This output is used by Xcode 'outputs' to avoid re-running this script phase.\necho \"SUCCESS\" > \"${SCRIPT_OUTPUT_FILE_0}\"\n";
			showEnvVarsInLog = 0;
		};
		D399231579ACE63785E41A32 /* [CP] Embed Pods Frameworks */ = {
			isa = PBXShellScriptBuildPhase;
			buildActionMask = 2147483647;
			files = (
			);
			inputFileListPaths = (
				"${PODS_ROOT}/Target Support Files/Pods-Fillin-iOS/Pods-Fillin-iOS-frameworks-${CONFIGURATION}-input-files.xcfilelist",
			);
			name = "[CP] Embed Pods Frameworks";
			outputFileListPaths = (
				"${PODS_ROOT}/Target Support Files/Pods-Fillin-iOS/Pods-Fillin-iOS-frameworks-${CONFIGURATION}-output-files.xcfilelist",
			);
			runOnlyForDeploymentPostprocessing = 0;
			shellPath = /bin/sh;
			shellScript = "\"${PODS_ROOT}/Target Support Files/Pods-Fillin-iOS/Pods-Fillin-iOS-frameworks.sh\"\n";
			showEnvVarsInLog = 0;
		};
/* End PBXShellScriptBuildPhase section */

/* Begin PBXSourcesBuildPhase section */
		775C9641278ACBEA00A9BEA0 /* Sources */ = {
			isa = PBXSourcesBuildPhase;
			buildActionMask = 2147483647;
			files = (
				6F3B87CB27968AEB00A4BD07 /* LoginViewController.swift in Sources */,
				6F3B878927968AEB00A4BD07 /* GenericResponse.swift in Sources */,
				77EB42212797D17600C726D8 /* FlimSelectAPI.swift in Sources */,
				6F3B879627968AEB00A4BD07 /* FilmRollService.swift in Sources */,
				6F3B87CD27968AEB00A4BD07 /* FillinNavigationBar.swift in Sources */,
				6F3B87C527968AEB00A4BD07 /* ArrowCollectionViewCell.swift in Sources */,
				6F3B879E27968AEB00A4BD07 /* OnboardingSecondViewController.swift in Sources */,
				6F8B71F92796F33A00F88EB3 /* StudioResponse.swift in Sources */,
				6F3B877A27968AEB00A4BD07 /* UILabel+Extension.swift in Sources */,
				6F3B87AF27968AEB00A4BD07 /* FilmRollViewController+DataSource.swift in Sources */,
				6F3B87CF27968AEB00A4BD07 /* SceneDelegate.swift in Sources */,
				6F3B87B127968AEB00A4BD07 /* FilmRollViewController+Layout.swift in Sources */,
				6F3B87B827968AEB00A4BD07 /* FilmCurationFirstCollectionViewCell.swift in Sources */,
				6F3B877C27968AEB00A4BD07 /* UIView+Extension.swift in Sources */,
				6F3B877327968AEB00A4BD07 /* Header.swift in Sources */,
				6F3B87BC27968AEB00A4BD07 /* StudioMapBottomSheetViewController.swift in Sources */,
				6F3B878727968AEB00A4BD07 /* MapLocation.swift in Sources */,
				6F3B87AB27968AEB00A4BD07 /* AddPhotoViewController.swift in Sources */,
				6F3B877427968AEB00A4BD07 /* Notification.swift in Sources */,
				E86731CB279728EE00FCD0EE /* UIViewController+Extension.swift in Sources */,
				6F3B87BA27968AEB00A4BD07 /* FilmCurationCollectionReusableView.swift in Sources */,
				6F3B879727968AEB00A4BD07 /* FilmRollAPI.swift in Sources */,
				6F3B877727968AEB00A4BD07 /* UIImageView+Extension.swift in Sources */,
				6F3B879C27968AEB00A4BD07 /* OnboardingFirstViewController.swift in Sources */,
				6F3B878E27968AEB00A4BD07 /* UserService.swift in Sources */,
				6F3B87A927968AEB00A4BD07 /* SecondAddPhotoPopUpViewController.swift in Sources */,
				77EB4215279736F700C726D8 /* FilmSelectViewController.swift in Sources */,
				6F3B87BE27968AEB00A4BD07 /* HomeViewController.swift in Sources */,
				6F3B879227968AEB00A4BD07 /* AddPhotoService.swift in Sources */,
				6F3B87A127968AEB00A4BD07 /* MyPagePhotoCollectionViewCell.swift in Sources */,
				6F3B878B27968AEB00A4BD07 /* HomeAPI.swift in Sources */,
				6F3B87A327968AEB00A4BD07 /* MyPageViewController.swift in Sources */,
				6F3B878A27968AEB00A4BD07 /* HomeService.swift in Sources */,
				6F3B87B227968AEB00A4BD07 /* FilmRollViewController.swift in Sources */,
				6F3B877227968AEB00A4BD07 /* UserDefaultsKey.swift in Sources */,
				6F3B877B27968AEB00A4BD07 /* UIButton+Extension.swift in Sources */,
				6F3B87CE27968AEB00A4BD07 /* identifiable.swift in Sources */,
				6F3B87B027968AEB00A4BD07 /* FilmRollSection.swift in Sources */,
				6F3B87E027968D3000A4BD07 /* StudioMapContentViewController.swift in Sources */,
				6F3B87C227968AEB00A4BD07 /* PhotosCollectionViewCell.swift in Sources */,
				77EB42232797D1CE00C726D8 /* FilmSelectService.swift in Sources */,
				6F3B879B27968AEB00A4BD07 /* StudioMapSearchViewController.swift in Sources */,
				6F3B879327968AEB00A4BD07 /* StudioMapAPI.swift in Sources */,
				6F3B877027968AEB00A4BD07 /* Assets+Generated.swift in Sources */,
				6F3B877127968AEB00A4BD07 /* Xib.swift in Sources */,
				6F3B87A827968AEB00A4BD07 /* FirstAddPhotoPopUpViewController.swift in Sources */,
				6F3B879027968AEB00A4BD07 /* MyPageAPI.swift in Sources */,
				6F3B878D27968AEB00A4BD07 /* UserAPI.swift in Sources */,
				77EB421E27974B0900C726D8 /* CurationResponse.swift in Sources */,
				77EB421A27973C1500C726D8 /* FilmTypeTableViewCell.swift in Sources */,
				6F3B87CC27968AEB00A4BD07 /* AppDelegate.swift in Sources */,
				6F3B878C27968AEB00A4BD07 /* MoyaLoggerPlugin.swift in Sources */,
				6F3B87A527968AEB00A4BD07 /* StudioMapViewController.swift in Sources */,
				77EB42262797DAFD00C726D8 /* FilmResponse.swift in Sources */,
				6F3B878627968AEB00A4BD07 /* PhotosResponse.swift in Sources */,
				6F3B87C027968AEB00A4BD07 /* TabBarTableViewCell.swift in Sources */,
				6F3B877827968AEB00A4BD07 /* UIFont+Extension.swift in Sources */,
				6F3B878F27968AEB00A4BD07 /* MyPageService.swift in Sources */,
				6F541EB6279859300016BA1A /* StudioPhotoResponse.swift in Sources */,
				6F3B879927968AEB00A4BD07 /* StudioMapSearchTableViewCell.swift in Sources */,
				6F3B87B627968AEB00A4BD07 /* FilmCurationCollectionViewCell.swift in Sources */,
				6F3B879427968AEB00A4BD07 /* StudioMapService.swift in Sources */,
				6F3B87AC27968AEB00A4BD07 /* FilmRollClickViewController.swift in Sources */,
				6F3B878527968AEB00A4BD07 /* TempClass.swift in Sources */,
				6F3B879127968AEB00A4BD07 /* AddPhotoAPI.swift in Sources */,
				6F8B72012797291300F88EB3 /* StudioInfoResponse.swift in Sources */,
				6F3B87C327968AEB00A4BD07 /* PhotosTableViewCell.swift in Sources */,
				6F3B877527968AEB00A4BD07 /* URL.swift in Sources */,
				6F3B877627968AEB00A4BD07 /* Const.swift in Sources */,
				6F3B879F27968AEB00A4BD07 /* SplashViewController.swift in Sources */,
				6F3B879527968AEB00A4BD07 /* HowTo.swift in Sources */,
				6F3B878827968AEB00A4BD07 /* NetworkResult.swift in Sources */,
				6F3B87B327968AEB00A4BD07 /* FilmTypeCollectionViewCell.swift in Sources */,
				6F3B877927968AEB00A4BD07 /* UIColor+Extension.swift in Sources */,
				6F3B87C827968AEB00A4BD07 /* MapTableViewCell.swift in Sources */,
				6F3B87E127968D3000A4BD07 /* StudioMapCollectionViewCell.swift in Sources */,
				6F3B87C927968AEB00A4BD07 /* WelcomeTableViewCell.swift in Sources */,
				6F3B879D27968AEB00A4BD07 /* OnboardingThirdViewController.swift in Sources */,
			);
			runOnlyForDeploymentPostprocessing = 0;
		};
/* End PBXSourcesBuildPhase section */

/* Begin PBXVariantGroup section */
		6F3B86FA27968AEB00A4BD07 /* LaunchScreen.storyboard */ = {
			isa = PBXVariantGroup;
			children = (
				6F3B86FB27968AEB00A4BD07 /* Base */,
			);
			name = LaunchScreen.storyboard;
			sourceTree = "<group>";
		};
/* End PBXVariantGroup section */

/* Begin XCBuildConfiguration section */
		775C9657278ACBEB00A9BEA0 /* Debug */ = {
			isa = XCBuildConfiguration;
			buildSettings = {
				ALWAYS_SEARCH_USER_PATHS = NO;
				CLANG_ANALYZER_NONNULL = YES;
				CLANG_ANALYZER_NUMBER_OBJECT_CONVERSION = YES_AGGRESSIVE;
				CLANG_CXX_LANGUAGE_STANDARD = "gnu++17";
				CLANG_CXX_LIBRARY = "libc++";
				CLANG_ENABLE_MODULES = YES;
				CLANG_ENABLE_OBJC_ARC = YES;
				CLANG_ENABLE_OBJC_WEAK = YES;
				CLANG_WARN_BLOCK_CAPTURE_AUTORELEASING = YES;
				CLANG_WARN_BOOL_CONVERSION = YES;
				CLANG_WARN_COMMA = YES;
				CLANG_WARN_CONSTANT_CONVERSION = YES;
				CLANG_WARN_DEPRECATED_OBJC_IMPLEMENTATIONS = YES;
				CLANG_WARN_DIRECT_OBJC_ISA_USAGE = YES_ERROR;
				CLANG_WARN_DOCUMENTATION_COMMENTS = YES;
				CLANG_WARN_EMPTY_BODY = YES;
				CLANG_WARN_ENUM_CONVERSION = YES;
				CLANG_WARN_INFINITE_RECURSION = YES;
				CLANG_WARN_INT_CONVERSION = YES;
				CLANG_WARN_NON_LITERAL_NULL_CONVERSION = YES;
				CLANG_WARN_OBJC_IMPLICIT_RETAIN_SELF = YES;
				CLANG_WARN_OBJC_LITERAL_CONVERSION = YES;
				CLANG_WARN_OBJC_ROOT_CLASS = YES_ERROR;
				CLANG_WARN_QUOTED_INCLUDE_IN_FRAMEWORK_HEADER = YES;
				CLANG_WARN_RANGE_LOOP_ANALYSIS = YES;
				CLANG_WARN_STRICT_PROTOTYPES = YES;
				CLANG_WARN_SUSPICIOUS_MOVE = YES;
				CLANG_WARN_UNGUARDED_AVAILABILITY = YES_AGGRESSIVE;
				CLANG_WARN_UNREACHABLE_CODE = YES;
				CLANG_WARN__DUPLICATE_METHOD_MATCH = YES;
				COPY_PHASE_STRIP = NO;
				DEBUG_INFORMATION_FORMAT = dwarf;
				ENABLE_STRICT_OBJC_MSGSEND = YES;
				ENABLE_TESTABILITY = YES;
				"EXCLUDED_ARCHS[sdk=iphonesimulator*]" = arm64;
				GCC_C_LANGUAGE_STANDARD = gnu11;
				GCC_DYNAMIC_NO_PIC = NO;
				GCC_NO_COMMON_BLOCKS = YES;
				GCC_OPTIMIZATION_LEVEL = 0;
				GCC_PREPROCESSOR_DEFINITIONS = (
					"DEBUG=1",
					"$(inherited)",
				);
				GCC_WARN_64_TO_32_BIT_CONVERSION = YES;
				GCC_WARN_ABOUT_RETURN_TYPE = YES_ERROR;
				GCC_WARN_UNDECLARED_SELECTOR = YES;
				GCC_WARN_UNINITIALIZED_AUTOS = YES_AGGRESSIVE;
				GCC_WARN_UNUSED_FUNCTION = YES;
				GCC_WARN_UNUSED_VARIABLE = YES;
				IPHONEOS_DEPLOYMENT_TARGET = 15.0;
				MTL_ENABLE_DEBUG_INFO = INCLUDE_SOURCE;
				MTL_FAST_MATH = YES;
				ONLY_ACTIVE_ARCH = YES;
				SDKROOT = iphoneos;
				SWIFT_ACTIVE_COMPILATION_CONDITIONS = DEBUG;
				SWIFT_OPTIMIZATION_LEVEL = "-Onone";
			};
			name = Debug;
		};
		775C9658278ACBEB00A9BEA0 /* Release */ = {
			isa = XCBuildConfiguration;
			buildSettings = {
				ALWAYS_SEARCH_USER_PATHS = NO;
				CLANG_ANALYZER_NONNULL = YES;
				CLANG_ANALYZER_NUMBER_OBJECT_CONVERSION = YES_AGGRESSIVE;
				CLANG_CXX_LANGUAGE_STANDARD = "gnu++17";
				CLANG_CXX_LIBRARY = "libc++";
				CLANG_ENABLE_MODULES = YES;
				CLANG_ENABLE_OBJC_ARC = YES;
				CLANG_ENABLE_OBJC_WEAK = YES;
				CLANG_WARN_BLOCK_CAPTURE_AUTORELEASING = YES;
				CLANG_WARN_BOOL_CONVERSION = YES;
				CLANG_WARN_COMMA = YES;
				CLANG_WARN_CONSTANT_CONVERSION = YES;
				CLANG_WARN_DEPRECATED_OBJC_IMPLEMENTATIONS = YES;
				CLANG_WARN_DIRECT_OBJC_ISA_USAGE = YES_ERROR;
				CLANG_WARN_DOCUMENTATION_COMMENTS = YES;
				CLANG_WARN_EMPTY_BODY = YES;
				CLANG_WARN_ENUM_CONVERSION = YES;
				CLANG_WARN_INFINITE_RECURSION = YES;
				CLANG_WARN_INT_CONVERSION = YES;
				CLANG_WARN_NON_LITERAL_NULL_CONVERSION = YES;
				CLANG_WARN_OBJC_IMPLICIT_RETAIN_SELF = YES;
				CLANG_WARN_OBJC_LITERAL_CONVERSION = YES;
				CLANG_WARN_OBJC_ROOT_CLASS = YES_ERROR;
				CLANG_WARN_QUOTED_INCLUDE_IN_FRAMEWORK_HEADER = YES;
				CLANG_WARN_RANGE_LOOP_ANALYSIS = YES;
				CLANG_WARN_STRICT_PROTOTYPES = YES;
				CLANG_WARN_SUSPICIOUS_MOVE = YES;
				CLANG_WARN_UNGUARDED_AVAILABILITY = YES_AGGRESSIVE;
				CLANG_WARN_UNREACHABLE_CODE = YES;
				CLANG_WARN__DUPLICATE_METHOD_MATCH = YES;
				COPY_PHASE_STRIP = NO;
				DEBUG_INFORMATION_FORMAT = "dwarf-with-dsym";
				ENABLE_NS_ASSERTIONS = NO;
				ENABLE_STRICT_OBJC_MSGSEND = YES;
				"EXCLUDED_ARCHS[sdk=iphonesimulator*]" = arm64;
				GCC_C_LANGUAGE_STANDARD = gnu11;
				GCC_NO_COMMON_BLOCKS = YES;
				GCC_WARN_64_TO_32_BIT_CONVERSION = YES;
				GCC_WARN_ABOUT_RETURN_TYPE = YES_ERROR;
				GCC_WARN_UNDECLARED_SELECTOR = YES;
				GCC_WARN_UNINITIALIZED_AUTOS = YES_AGGRESSIVE;
				GCC_WARN_UNUSED_FUNCTION = YES;
				GCC_WARN_UNUSED_VARIABLE = YES;
				IPHONEOS_DEPLOYMENT_TARGET = 15.0;
				MTL_ENABLE_DEBUG_INFO = NO;
				MTL_FAST_MATH = YES;
				SDKROOT = iphoneos;
				SWIFT_COMPILATION_MODE = wholemodule;
				SWIFT_OPTIMIZATION_LEVEL = "-O";
				VALIDATE_PRODUCT = YES;
			};
			name = Release;
		};
		775C965A278ACBEB00A9BEA0 /* Debug */ = {
			isa = XCBuildConfiguration;
			baseConfigurationReference = 864A552B88FE473B50DE4171 /* Pods-Fillin-iOS.debug.xcconfig */;
			buildSettings = {
				ASSETCATALOG_COMPILER_APPICON_NAME = AppIcon;
				ASSETCATALOG_COMPILER_GLOBAL_ACCENT_COLOR_NAME = AccentColor;
				CODE_SIGN_ENTITLEMENTS = "Fillin-iOS/Fillin-iOS.entitlements";
				CODE_SIGN_STYLE = Automatic;
				CURRENT_PROJECT_VERSION = 1;
				DEVELOPMENT_TEAM = T3VFJ764ZC;
				GENERATE_INFOPLIST_FILE = YES;
				INFOPLIST_FILE = "Fillin-iOS/Info.plist";
				INFOPLIST_KEY_CFBundleDisplayName = "FILL-IN";
				INFOPLIST_KEY_NSLocationAlwaysAndWhenInUseUsageDescription = "위치 권한이 필요합니다.";
				INFOPLIST_KEY_NSLocationAlwaysUsageDescription = "위치 권한이 필요합니다.";
				INFOPLIST_KEY_NSLocationWhenInUseUsageDescription = "위치 권한이 필요합니다.";
				INFOPLIST_KEY_NSPhotoLibraryUsageDescription = "사용자의 앨범 사진을 불러옵니다.";
				INFOPLIST_KEY_UIApplicationSupportsIndirectInputEvents = YES;
				INFOPLIST_KEY_UILaunchStoryboardName = LaunchScreen;
				INFOPLIST_KEY_UISupportedInterfaceOrientations_iPad = "UIInterfaceOrientationPortrait UIInterfaceOrientationPortraitUpsideDown UIInterfaceOrientationLandscapeLeft UIInterfaceOrientationLandscapeRight";
				INFOPLIST_KEY_UISupportedInterfaceOrientations_iPhone = "UIInterfaceOrientationPortrait UIInterfaceOrientationLandscapeLeft UIInterfaceOrientationLandscapeRight";
				INFOPLIST_KEY_UIUserInterfaceStyle = Dark;
				LD_RUNPATH_SEARCH_PATHS = (
					"$(inherited)",
					"@executable_path/Frameworks",
				);
				MARKETING_VERSION = 1.0;
				ONLY_ACTIVE_ARCH = YES;
				PRODUCT_BUNDLE_IDENTIFIER = "com.YJC.Fillin-iOS";
				PRODUCT_NAME = "$(TARGET_NAME)";
				SWIFT_EMIT_LOC_STRINGS = YES;
				SWIFT_VERSION = 5.0;
				TARGETED_DEVICE_FAMILY = 1;
			};
			name = Debug;
		};
		775C965B278ACBEB00A9BEA0 /* Release */ = {
			isa = XCBuildConfiguration;
			baseConfigurationReference = 18FC9C8D02E669D0F43E8733 /* Pods-Fillin-iOS.release.xcconfig */;
			buildSettings = {
				ASSETCATALOG_COMPILER_APPICON_NAME = AppIcon;
				ASSETCATALOG_COMPILER_GLOBAL_ACCENT_COLOR_NAME = AccentColor;
				CODE_SIGN_ENTITLEMENTS = "Fillin-iOS/Fillin-iOS.entitlements";
				CODE_SIGN_STYLE = Automatic;
				CURRENT_PROJECT_VERSION = 1;
				DEVELOPMENT_TEAM = T3VFJ764ZC;
				GENERATE_INFOPLIST_FILE = YES;
				INFOPLIST_FILE = "Fillin-iOS/Info.plist";
				INFOPLIST_KEY_CFBundleDisplayName = "FILL-IN";
				INFOPLIST_KEY_NSLocationAlwaysAndWhenInUseUsageDescription = "위치 권한이 필요합니다.";
				INFOPLIST_KEY_NSLocationAlwaysUsageDescription = "위치 권한이 필요합니다.";
				INFOPLIST_KEY_NSLocationWhenInUseUsageDescription = "위치 권한이 필요합니다.";
				INFOPLIST_KEY_NSPhotoLibraryUsageDescription = "사용자의 앨범 사진을 불러옵니다.";
				INFOPLIST_KEY_UIApplicationSupportsIndirectInputEvents = YES;
				INFOPLIST_KEY_UILaunchStoryboardName = LaunchScreen;
				INFOPLIST_KEY_UISupportedInterfaceOrientations_iPad = "UIInterfaceOrientationPortrait UIInterfaceOrientationPortraitUpsideDown UIInterfaceOrientationLandscapeLeft UIInterfaceOrientationLandscapeRight";
				INFOPLIST_KEY_UISupportedInterfaceOrientations_iPhone = "UIInterfaceOrientationPortrait UIInterfaceOrientationLandscapeLeft UIInterfaceOrientationLandscapeRight";
				INFOPLIST_KEY_UIUserInterfaceStyle = Dark;
				LD_RUNPATH_SEARCH_PATHS = (
					"$(inherited)",
					"@executable_path/Frameworks",
				);
				MARKETING_VERSION = 1.0;
				ONLY_ACTIVE_ARCH = YES;
				PRODUCT_BUNDLE_IDENTIFIER = "com.YJC.Fillin-iOS";
				PRODUCT_NAME = "$(TARGET_NAME)";
				SWIFT_EMIT_LOC_STRINGS = YES;
				SWIFT_VERSION = 5.0;
				TARGETED_DEVICE_FAMILY = 1;
			};
			name = Release;
		};
/* End XCBuildConfiguration section */

/* Begin XCConfigurationList section */
		775C9640278ACBEA00A9BEA0 /* Build configuration list for PBXProject "Fillin-iOS" */ = {
			isa = XCConfigurationList;
			buildConfigurations = (
				775C9657278ACBEB00A9BEA0 /* Debug */,
				775C9658278ACBEB00A9BEA0 /* Release */,
			);
			defaultConfigurationIsVisible = 0;
			defaultConfigurationName = Release;
		};
		775C9659278ACBEB00A9BEA0 /* Build configuration list for PBXNativeTarget "Fillin-iOS" */ = {
			isa = XCConfigurationList;
			buildConfigurations = (
				775C965A278ACBEB00A9BEA0 /* Debug */,
				775C965B278ACBEB00A9BEA0 /* Release */,
			);
			defaultConfigurationIsVisible = 0;
			defaultConfigurationName = Release;
		};
/* End XCConfigurationList section */
	};
	rootObject = 775C963D278ACBEA00A9BEA0 /* Project object */;
}
